// !$*UTF8*$!
{
	archiveVersion = 1;
	classes = {
	};
	objectVersion = 51;
	objects = {

/* Begin PBXBuildFile section */
		3504004924BFB41A00E12D26 /* Info.plist in Resources */ = {isa = PBXBuildFile; fileRef = 3504004824BFB41A00E12D26 /* Info.plist */; };
		3504004B24BFECBB00E12D26 /* PlaceTests.swift in Sources */ = {isa = PBXBuildFile; fileRef = 3504004A24BFECBB00E12D26 /* PlaceTests.swift */; };
		3504004D24BFF2EE00E12D26 /* Place.swift in Sources */ = {isa = PBXBuildFile; fileRef = 3504004C24BFF2EE00E12D26 /* Place.swift */; };
		3504005324BFF3A200E12D26 /* Random.swift in Sources */ = {isa = PBXBuildFile; fileRef = 3504005224BFF3A200E12D26 /* Random.swift */; };
		3504005824BFF69B00E12D26 /* Result+Extension.swift in Sources */ = {isa = PBXBuildFile; fileRef = 3504005724BFF69B00E12D26 /* Result+Extension.swift */; };
		3504005C24BFF80D00E12D26 /* Place+Fixture.swift in Sources */ = {isa = PBXBuildFile; fileRef = 3504005A24BFF7E900E12D26 /* Place+Fixture.swift */; };
		3504005F24BFF9C700E12D26 /* GetPlacesUseCase.swift in Sources */ = {isa = PBXBuildFile; fileRef = 3504005E24BFF9C700E12D26 /* GetPlacesUseCase.swift */; };
		3504006224BFF9F500E12D26 /* PlacesRepository.swift in Sources */ = {isa = PBXBuildFile; fileRef = 3504006124BFF9F500E12D26 /* PlacesRepository.swift */; };
		3504006624BFFA3600E12D26 /* PlacesRepositorySpy.swift in Sources */ = {isa = PBXBuildFile; fileRef = 3504006324BFFA1A00E12D26 /* PlacesRepositorySpy.swift */; };
		3504006824BFFA4700E12D26 /* ErrorDummy.swift in Sources */ = {isa = PBXBuildFile; fileRef = 3504006724BFFA4700E12D26 /* ErrorDummy.swift */; };
		3504006A24BFFAB300E12D26 /* HomePresenterTests.swift in Sources */ = {isa = PBXBuildFile; fileRef = 3504006924BFFAB300E12D26 /* HomePresenterTests.swift */; };
		3504006D24BFFFBD00E12D26 /* Domain.framework in Frameworks */ = {isa = PBXBuildFile; fileRef = 35FA511624BD76F400AC370A /* Domain.framework */; };
		3504007024C0004B00E12D26 /* GetPlacesUseCaseSpy.swift in Sources */ = {isa = PBXBuildFile; fileRef = 3504006B24BFFCE800E12D26 /* GetPlacesUseCaseSpy.swift */; };
		3504007224C0005600E12D26 /* ErrorDummy.swift in Sources */ = {isa = PBXBuildFile; fileRef = 3504006724BFFA4700E12D26 /* ErrorDummy.swift */; };
		3504007324C0005900E12D26 /* ErrorDummy.swift in Sources */ = {isa = PBXBuildFile; fileRef = 3504006724BFFA4700E12D26 /* ErrorDummy.swift */; };
		3504007424C0006A00E12D26 /* GetPlacesUseCaseSpy.swift in Sources */ = {isa = PBXBuildFile; fileRef = 3504006B24BFFCE800E12D26 /* GetPlacesUseCaseSpy.swift */; };
		3504007524C0007200E12D26 /* Place+Fixture.swift in Sources */ = {isa = PBXBuildFile; fileRef = 3504005A24BFF7E900E12D26 /* Place+Fixture.swift */; };
		3504007624C0007300E12D26 /* Place+Fixture.swift in Sources */ = {isa = PBXBuildFile; fileRef = 3504005A24BFF7E900E12D26 /* Place+Fixture.swift */; };
		3504007724C000B000E12D26 /* Random.swift in Sources */ = {isa = PBXBuildFile; fileRef = 3504005224BFF3A200E12D26 /* Random.swift */; };
		3504007824C000B100E12D26 /* Random.swift in Sources */ = {isa = PBXBuildFile; fileRef = 3504005224BFF3A200E12D26 /* Random.swift */; };
		3504007924C000C200E12D26 /* GetPlacesUseCaseTest.swift in Sources */ = {isa = PBXBuildFile; fileRef = 3504005524BFF40800E12D26 /* GetPlacesUseCaseTest.swift */; };
		3540BF9324BD323200BB7C78 /* AppDelegate.swift in Sources */ = {isa = PBXBuildFile; fileRef = 3540BF9224BD323200BB7C78 /* AppDelegate.swift */; };
		3540BF9F24BD323300BB7C78 /* LaunchScreen.storyboard in Resources */ = {isa = PBXBuildFile; fileRef = 3540BF9D24BD323300BB7C78 /* LaunchScreen.storyboard */; };
		35719DC624BE58E400E80812 /* HomeCollectionViewControllerTests.swift in Sources */ = {isa = PBXBuildFile; fileRef = 35719DC524BE58E400E80812 /* HomeCollectionViewControllerTests.swift */; };
		35719DCA24BE662A00E80812 /* HomeModels.swift in Sources */ = {isa = PBXBuildFile; fileRef = 35719DC924BE662A00E80812 /* HomeModels.swift */; };
		35719DCD24BE663E00E80812 /* HomePresenter.swift in Sources */ = {isa = PBXBuildFile; fileRef = 35719DCC24BE663E00E80812 /* HomePresenter.swift */; };
		35719DCF24BE664E00E80812 /* HomeCollectionViewController.swift in Sources */ = {isa = PBXBuildFile; fileRef = 35719DCE24BE664E00E80812 /* HomeCollectionViewController.swift */; };
		35719DD224BE66BB00E80812 /* CustomViewController.swift in Sources */ = {isa = PBXBuildFile; fileRef = 35719DD124BE66BB00E80812 /* CustomViewController.swift */; };
		35719DD424BE68BB00E80812 /* PinterestLayout.swift in Sources */ = {isa = PBXBuildFile; fileRef = 35719DD324BE68BB00E80812 /* PinterestLayout.swift */; };
		35719DDA24BE6AA200E80812 /* HomeConfigurator.swift in Sources */ = {isa = PBXBuildFile; fileRef = 35719DD924BE6AA200E80812 /* HomeConfigurator.swift */; };
		35719DDC24BE6DBB00E80812 /* PlaceCell.swift in Sources */ = {isa = PBXBuildFile; fileRef = 35719DDB24BE6DBB00E80812 /* PlaceCell.swift */; };
		35719DDE24BE719D00E80812 /* Dequeable.swift in Sources */ = {isa = PBXBuildFile; fileRef = 35719DDD24BE719D00E80812 /* Dequeable.swift */; };
		35719DE024BF3D2300E80812 /* StackViewBuilder.swift in Sources */ = {isa = PBXBuildFile; fileRef = 35719DDF24BF3D2300E80812 /* StackViewBuilder.swift */; };
		35719DE224BF423B00E80812 /* ColorRandomizer.swift in Sources */ = {isa = PBXBuildFile; fileRef = 35719DE124BF423B00E80812 /* ColorRandomizer.swift */; };
		35719DE424BF43A600E80812 /* ScoreView.swift in Sources */ = {isa = PBXBuildFile; fileRef = 35719DE324BF43A500E80812 /* ScoreView.swift */; };
		35719DEB24BF467100E80812 /* ScoreViewTests.swift in Sources */ = {isa = PBXBuildFile; fileRef = 35719DE924BF457000E80812 /* ScoreViewTests.swift */; };
		35719DEE24BF46DF00E80812 /* Home+Fixtures.swift in Sources */ = {isa = PBXBuildFile; fileRef = 35719DED24BF46DF00E80812 /* Home+Fixtures.swift */; };
		35719DF024BF473400E80812 /* HomePresentationLogicSpy.swift in Sources */ = {isa = PBXBuildFile; fileRef = 35719DEF24BF473400E80812 /* HomePresentationLogicSpy.swift */; };
		35719DF224BF4C9700E80812 /* DesignSystem.swift in Sources */ = {isa = PBXBuildFile; fileRef = 35719DF124BF4C9700E80812 /* DesignSystem.swift */; };
		35FA50A624BD3F3C00AC370A /* Assets.xcassets in Resources */ = {isa = PBXBuildFile; fileRef = 35FA50A524BD3F3C00AC370A /* Assets.xcassets */; };
		35FA50D024BD60C500AC370A /* Presentation.framework in Frameworks */ = {isa = PBXBuildFile; fileRef = 35FA50C724BD60C500AC370A /* Presentation.framework */; };
		35FA50DC24BD60C600AC370A /* Presentation.framework in Frameworks */ = {isa = PBXBuildFile; fileRef = 35FA50C724BD60C500AC370A /* Presentation.framework */; };
		35FA50DD24BD60C600AC370A /* Presentation.framework in Embed Frameworks */ = {isa = PBXBuildFile; fileRef = 35FA50C724BD60C500AC370A /* Presentation.framework */; settings = {ATTRIBUTES = (CodeSignOnCopy, RemoveHeadersOnCopy, ); }; };
		35FA50F324BD643300AC370A /* Assets+Generated.swift in Sources */ = {isa = PBXBuildFile; fileRef = 35FA50EA24BD643300AC370A /* Assets+Generated.swift */; };
		35FA50F424BD643300AC370A /* Strings+Generated.swift in Sources */ = {isa = PBXBuildFile; fileRef = 35FA50EB24BD643300AC370A /* Strings+Generated.swift */; };
		35FA50F524BD643300AC370A /* UIColor+Theme.swift in Sources */ = {isa = PBXBuildFile; fileRef = 35FA50ED24BD643300AC370A /* UIColor+Theme.swift */; };
		35FA50F624BD643300AC370A /* UIFont+Theme.swift in Sources */ = {isa = PBXBuildFile; fileRef = 35FA50EE24BD643300AC370A /* UIFont+Theme.swift */; };
		35FA50F724BD643300AC370A /* DetailsViewController.swift in Sources */ = {isa = PBXBuildFile; fileRef = 35FA50F224BD643300AC370A /* DetailsViewController.swift */; };
		35FA50FB24BD6AE600AC370A /* Assets.xcassets in Resources */ = {isa = PBXBuildFile; fileRef = 35FA50F924BD6AE600AC370A /* Assets.xcassets */; };
		35FA50FC24BD6AE600AC370A /* Localizable.strings in Resources */ = {isa = PBXBuildFile; fileRef = 35FA50FA24BD6AE600AC370A /* Localizable.strings */; };
		35FA50FF24BD6B9D00AC370A /* UIFontThemeTests.swift in Sources */ = {isa = PBXBuildFile; fileRef = 35FA50FE24BD6B9D00AC370A /* UIFontThemeTests.swift */; };
		35FA510424BD6F6700AC370A /* OpenSans-Light.ttf in Resources */ = {isa = PBXBuildFile; fileRef = 35FA510124BD6F6700AC370A /* OpenSans-Light.ttf */; };
		35FA510524BD6F6700AC370A /* OpenSans-Light.ttf in Resources */ = {isa = PBXBuildFile; fileRef = 35FA510124BD6F6700AC370A /* OpenSans-Light.ttf */; };
		35FA510624BD6F6700AC370A /* OpenSans-SemiBold.ttf in Resources */ = {isa = PBXBuildFile; fileRef = 35FA510224BD6F6700AC370A /* OpenSans-SemiBold.ttf */; };
		35FA510724BD6F6700AC370A /* OpenSans-SemiBold.ttf in Resources */ = {isa = PBXBuildFile; fileRef = 35FA510224BD6F6700AC370A /* OpenSans-SemiBold.ttf */; };
		35FA510824BD6F6700AC370A /* OpenSans-Regular.ttf in Resources */ = {isa = PBXBuildFile; fileRef = 35FA510324BD6F6700AC370A /* OpenSans-Regular.ttf */; };
		35FA510924BD6F6700AC370A /* OpenSans-Regular.ttf in Resources */ = {isa = PBXBuildFile; fileRef = 35FA510324BD6F6700AC370A /* OpenSans-Regular.ttf */; };
		35FA510B24BD703000AC370A /* Info.plist in Resources */ = {isa = PBXBuildFile; fileRef = 35FA510A24BD703000AC370A /* Info.plist */; };
		35FA510C24BD703000AC370A /* Info.plist in Resources */ = {isa = PBXBuildFile; fileRef = 35FA510A24BD703000AC370A /* Info.plist */; };
		35FA510E24BD715E00AC370A /* Fonts+Generated.swift in Sources */ = {isa = PBXBuildFile; fileRef = 35FA510D24BD715E00AC370A /* Fonts+Generated.swift */; };
		35FA510F24BD715E00AC370A /* Fonts+Generated.swift in Sources */ = {isa = PBXBuildFile; fileRef = 35FA510D24BD715E00AC370A /* Fonts+Generated.swift */; };
		35FA511024BD754600AC370A /* Assets.xcassets in Resources */ = {isa = PBXBuildFile; fileRef = 35FA50F924BD6AE600AC370A /* Assets.xcassets */; };
		35FA511F24BD76F400AC370A /* Domain.framework in Frameworks */ = {isa = PBXBuildFile; fileRef = 35FA511624BD76F400AC370A /* Domain.framework */; };
		35FA512824BD76F400AC370A /* Domain.h in Headers */ = {isa = PBXBuildFile; fileRef = 35FA511824BD76F400AC370A /* Domain.h */; settings = {ATTRIBUTES = (Public, ); }; };
		35FA512B24BD76F500AC370A /* Domain.framework in Frameworks */ = {isa = PBXBuildFile; fileRef = 35FA511624BD76F400AC370A /* Domain.framework */; };
		35FA512C24BD76F500AC370A /* Domain.framework in Embed Frameworks */ = {isa = PBXBuildFile; fileRef = 35FA511624BD76F400AC370A /* Domain.framework */; settings = {ATTRIBUTES = (CodeSignOnCopy, RemoveHeadersOnCopy, ); }; };
		35FA513824BD7A2100AC370A /* Schedule.swift in Sources */ = {isa = PBXBuildFile; fileRef = 35FA513724BD7A2100AC370A /* Schedule.swift */; };
		35FA513B24BD7B1B00AC370A /* DateUtilsTests.swift in Sources */ = {isa = PBXBuildFile; fileRef = 35FA513A24BD7B1B00AC370A /* DateUtilsTests.swift */; };
		35FA513E24BD810F00AC370A /* Date+Utils.swift in Sources */ = {isa = PBXBuildFile; fileRef = 35FA513D24BD810F00AC370A /* Date+Utils.swift */; };
		35FA514724BD85A800AC370A /* ScheduleTests.swift in Sources */ = {isa = PBXBuildFile; fileRef = 35FA514524BD857500AC370A /* ScheduleTests.swift */; };
		35FA515624BDE89F00AC370A /* Repository.framework in Frameworks */ = {isa = PBXBuildFile; fileRef = 35FA514D24BDE89E00AC370A /* Repository.framework */; };
		35FA516224BDE89F00AC370A /* Repository.framework in Frameworks */ = {isa = PBXBuildFile; fileRef = 35FA514D24BDE89E00AC370A /* Repository.framework */; };
		35FA516324BDE89F00AC370A /* Repository.framework in Embed Frameworks */ = {isa = PBXBuildFile; fileRef = 35FA514D24BDE89E00AC370A /* Repository.framework */; settings = {ATTRIBUTES = (CodeSignOnCopy, RemoveHeadersOnCopy, ); }; };
		35FA517124BDE90B00AC370A /* Repository.h in Headers */ = {isa = PBXBuildFile; fileRef = 35FA516B24BDE90B00AC370A /* Repository.h */; settings = {ATTRIBUTES = (Public, ); }; };
		35FA517224BDE90B00AC370A /* Info.plist in Resources */ = {isa = PBXBuildFile; fileRef = 35FA516C24BDE90B00AC370A /* Info.plist */; };
		35FA517524BDE91000AC370A /* Info.plist in Resources */ = {isa = PBXBuildFile; fileRef = 35FA516F24BDE90B00AC370A /* Info.plist */; };
		35FA517924BDEB5200AC370A /* RespoTests.swift in Sources */ = {isa = PBXBuildFile; fileRef = 35FA517824BDEB5200AC370A /* RespoTests.swift */; };
		35FA517B24BDED7B00AC370A /* Repository.framework in Frameworks */ = {isa = PBXBuildFile; fileRef = 35FA514D24BDE89E00AC370A /* Repository.framework */; };
		35FA517C24BDED7B00AC370A /* Repository.framework in Embed Frameworks */ = {isa = PBXBuildFile; fileRef = 35FA514D24BDE89E00AC370A /* Repository.framework */; settings = {ATTRIBUTES = (CodeSignOnCopy, RemoveHeadersOnCopy, ); }; };
		35FA518124BDEEFF00AC370A /* Presentation.h in Headers */ = {isa = PBXBuildFile; fileRef = 35FA518024BDEEFF00AC370A /* Presentation.h */; settings = {ATTRIBUTES = (Public, ); }; };
		57FA448DC8B8F0494593035B /* Pods_Places.framework in Frameworks */ = {isa = PBXBuildFile; fileRef = 3F58F5EC4483AE1B033EAA84 /* Pods_Places.framework */; };
		EB8D40AED30EC39FE1FD123F /* Pods_Presentation.framework in Frameworks */ = {isa = PBXBuildFile; fileRef = BF168A7826B50F27DEB6FFBF /* Pods_Presentation.framework */; };
/* End PBXBuildFile section */

/* Begin PBXContainerItemProxy section */
		35FA50D124BD60C500AC370A /* PBXContainerItemProxy */ = {
			isa = PBXContainerItemProxy;
			containerPortal = 3540BF8724BD323200BB7C78 /* Project object */;
			proxyType = 1;
			remoteGlobalIDString = 35FA50C624BD60C500AC370A;
			remoteInfo = Presentation;
		};
		35FA50D324BD60C600AC370A /* PBXContainerItemProxy */ = {
			isa = PBXContainerItemProxy;
			containerPortal = 3540BF8724BD323200BB7C78 /* Project object */;
			proxyType = 1;
			remoteGlobalIDString = 3540BF8E24BD323200BB7C78;
			remoteInfo = Places;
		};
		35FA50DA24BD60C600AC370A /* PBXContainerItemProxy */ = {
			isa = PBXContainerItemProxy;
			containerPortal = 3540BF8724BD323200BB7C78 /* Project object */;
			proxyType = 1;
			remoteGlobalIDString = 35FA50C624BD60C500AC370A;
			remoteInfo = Presentation;
		};
		35FA512024BD76F400AC370A /* PBXContainerItemProxy */ = {
			isa = PBXContainerItemProxy;
			containerPortal = 3540BF8724BD323200BB7C78 /* Project object */;
			proxyType = 1;
			remoteGlobalIDString = 35FA511524BD76F400AC370A;
			remoteInfo = Domain;
		};
		35FA512224BD76F400AC370A /* PBXContainerItemProxy */ = {
			isa = PBXContainerItemProxy;
			containerPortal = 3540BF8724BD323200BB7C78 /* Project object */;
			proxyType = 1;
			remoteGlobalIDString = 3540BF8E24BD323200BB7C78;
			remoteInfo = Places;
		};
		35FA512924BD76F500AC370A /* PBXContainerItemProxy */ = {
			isa = PBXContainerItemProxy;
			containerPortal = 3540BF8724BD323200BB7C78 /* Project object */;
			proxyType = 1;
			remoteGlobalIDString = 35FA511524BD76F400AC370A;
			remoteInfo = Domain;
		};
		35FA515724BDE89F00AC370A /* PBXContainerItemProxy */ = {
			isa = PBXContainerItemProxy;
			containerPortal = 3540BF8724BD323200BB7C78 /* Project object */;
			proxyType = 1;
			remoteGlobalIDString = 35FA514C24BDE89E00AC370A;
			remoteInfo = Repository;
		};
		35FA515924BDE89F00AC370A /* PBXContainerItemProxy */ = {
			isa = PBXContainerItemProxy;
			containerPortal = 3540BF8724BD323200BB7C78 /* Project object */;
			proxyType = 1;
			remoteGlobalIDString = 3540BF8E24BD323200BB7C78;
			remoteInfo = Places;
		};
		35FA516024BDE89F00AC370A /* PBXContainerItemProxy */ = {
			isa = PBXContainerItemProxy;
			containerPortal = 3540BF8724BD323200BB7C78 /* Project object */;
			proxyType = 1;
			remoteGlobalIDString = 35FA514C24BDE89E00AC370A;
			remoteInfo = Repository;
		};
		35FA517D24BDED7B00AC370A /* PBXContainerItemProxy */ = {
			isa = PBXContainerItemProxy;
			containerPortal = 3540BF8724BD323200BB7C78 /* Project object */;
			proxyType = 1;
			remoteGlobalIDString = 35FA514C24BDE89E00AC370A;
			remoteInfo = Repository;
		};
/* End PBXContainerItemProxy section */

/* Begin PBXCopyFilesBuildPhase section */
		35FA508F24BD3A9300AC370A /* Embed Frameworks */ = {
			isa = PBXCopyFilesBuildPhase;
			buildActionMask = 2147483647;
			dstPath = "";
			dstSubfolderSpec = 10;
			files = (
				35FA512C24BD76F500AC370A /* Domain.framework in Embed Frameworks */,
				35FA50DD24BD60C600AC370A /* Presentation.framework in Embed Frameworks */,
				35FA516324BDE89F00AC370A /* Repository.framework in Embed Frameworks */,
			);
			name = "Embed Frameworks";
			runOnlyForDeploymentPostprocessing = 0;
		};
		35FA517F24BDED7B00AC370A /* Embed Frameworks */ = {
			isa = PBXCopyFilesBuildPhase;
			buildActionMask = 2147483647;
			dstPath = "";
			dstSubfolderSpec = 10;
			files = (
				35FA517C24BDED7B00AC370A /* Repository.framework in Embed Frameworks */,
			);
			name = "Embed Frameworks";
			runOnlyForDeploymentPostprocessing = 0;
		};
/* End PBXCopyFilesBuildPhase section */

/* Begin PBXFileReference section */
		2642F99A0B64754E17D5CCEB /* Pods-Places.release.xcconfig */ = {isa = PBXFileReference; includeInIndex = 1; lastKnownFileType = text.xcconfig; name = "Pods-Places.release.xcconfig"; path = "Target Support Files/Pods-Places/Pods-Places.release.xcconfig"; sourceTree = "<group>"; };
		3504004824BFB41A00E12D26 /* Info.plist */ = {isa = PBXFileReference; fileEncoding = 4; lastKnownFileType = text.plist.xml; path = Info.plist; sourceTree = "<group>"; };
		3504004A24BFECBB00E12D26 /* PlaceTests.swift */ = {isa = PBXFileReference; lastKnownFileType = sourcecode.swift; path = PlaceTests.swift; sourceTree = "<group>"; };
		3504004C24BFF2EE00E12D26 /* Place.swift */ = {isa = PBXFileReference; lastKnownFileType = sourcecode.swift; path = Place.swift; sourceTree = "<group>"; };
		3504005224BFF3A200E12D26 /* Random.swift */ = {isa = PBXFileReference; lastKnownFileType = sourcecode.swift; path = Random.swift; sourceTree = "<group>"; };
		3504005524BFF40800E12D26 /* GetPlacesUseCaseTest.swift */ = {isa = PBXFileReference; lastKnownFileType = sourcecode.swift; path = GetPlacesUseCaseTest.swift; sourceTree = "<group>"; };
		3504005724BFF69B00E12D26 /* Result+Extension.swift */ = {isa = PBXFileReference; lastKnownFileType = sourcecode.swift; path = "Result+Extension.swift"; sourceTree = "<group>"; };
		3504005A24BFF7E900E12D26 /* Place+Fixture.swift */ = {isa = PBXFileReference; lastKnownFileType = sourcecode.swift; path = "Place+Fixture.swift"; sourceTree = "<group>"; };
		3504005E24BFF9C700E12D26 /* GetPlacesUseCase.swift */ = {isa = PBXFileReference; lastKnownFileType = sourcecode.swift; path = GetPlacesUseCase.swift; sourceTree = "<group>"; };
		3504006124BFF9F500E12D26 /* PlacesRepository.swift */ = {isa = PBXFileReference; lastKnownFileType = sourcecode.swift; path = PlacesRepository.swift; sourceTree = "<group>"; };
		3504006324BFFA1A00E12D26 /* PlacesRepositorySpy.swift */ = {isa = PBXFileReference; lastKnownFileType = sourcecode.swift; path = PlacesRepositorySpy.swift; sourceTree = "<group>"; };
		3504006724BFFA4700E12D26 /* ErrorDummy.swift */ = {isa = PBXFileReference; lastKnownFileType = sourcecode.swift; path = ErrorDummy.swift; sourceTree = "<group>"; };
		3504006924BFFAB300E12D26 /* HomePresenterTests.swift */ = {isa = PBXFileReference; lastKnownFileType = sourcecode.swift; path = HomePresenterTests.swift; sourceTree = "<group>"; };
		3504006B24BFFCE800E12D26 /* GetPlacesUseCaseSpy.swift */ = {isa = PBXFileReference; lastKnownFileType = sourcecode.swift; path = GetPlacesUseCaseSpy.swift; sourceTree = "<group>"; };
		3540BF8F24BD323200BB7C78 /* Places.app */ = {isa = PBXFileReference; explicitFileType = wrapper.application; includeInIndex = 0; path = Places.app; sourceTree = BUILT_PRODUCTS_DIR; };
		3540BF9224BD323200BB7C78 /* AppDelegate.swift */ = {isa = PBXFileReference; lastKnownFileType = sourcecode.swift; path = AppDelegate.swift; sourceTree = "<group>"; };
		3540BF9E24BD323300BB7C78 /* Base */ = {isa = PBXFileReference; lastKnownFileType = file.storyboard; name = Base; path = Base.lproj/LaunchScreen.storyboard; sourceTree = "<group>"; };
		35719DC524BE58E400E80812 /* HomeCollectionViewControllerTests.swift */ = {isa = PBXFileReference; lastKnownFileType = sourcecode.swift; path = HomeCollectionViewControllerTests.swift; sourceTree = "<group>"; };
		35719DC924BE662A00E80812 /* HomeModels.swift */ = {isa = PBXFileReference; lastKnownFileType = sourcecode.swift; path = HomeModels.swift; sourceTree = "<group>"; };
		35719DCC24BE663E00E80812 /* HomePresenter.swift */ = {isa = PBXFileReference; lastKnownFileType = sourcecode.swift; path = HomePresenter.swift; sourceTree = "<group>"; };
		35719DCE24BE664E00E80812 /* HomeCollectionViewController.swift */ = {isa = PBXFileReference; lastKnownFileType = sourcecode.swift; path = HomeCollectionViewController.swift; sourceTree = "<group>"; };
		35719DD124BE66BB00E80812 /* CustomViewController.swift */ = {isa = PBXFileReference; lastKnownFileType = sourcecode.swift; path = CustomViewController.swift; sourceTree = "<group>"; };
		35719DD324BE68BB00E80812 /* PinterestLayout.swift */ = {isa = PBXFileReference; lastKnownFileType = sourcecode.swift; path = PinterestLayout.swift; sourceTree = "<group>"; };
		35719DD924BE6AA200E80812 /* HomeConfigurator.swift */ = {isa = PBXFileReference; lastKnownFileType = sourcecode.swift; path = HomeConfigurator.swift; sourceTree = "<group>"; };
		35719DDB24BE6DBB00E80812 /* PlaceCell.swift */ = {isa = PBXFileReference; lastKnownFileType = sourcecode.swift; path = PlaceCell.swift; sourceTree = "<group>"; };
		35719DDD24BE719D00E80812 /* Dequeable.swift */ = {isa = PBXFileReference; lastKnownFileType = sourcecode.swift; path = Dequeable.swift; sourceTree = "<group>"; };
		35719DDF24BF3D2300E80812 /* StackViewBuilder.swift */ = {isa = PBXFileReference; lastKnownFileType = sourcecode.swift; path = StackViewBuilder.swift; sourceTree = "<group>"; };
		35719DE124BF423B00E80812 /* ColorRandomizer.swift */ = {isa = PBXFileReference; lastKnownFileType = sourcecode.swift; path = ColorRandomizer.swift; sourceTree = "<group>"; };
		35719DE324BF43A500E80812 /* ScoreView.swift */ = {isa = PBXFileReference; lastKnownFileType = sourcecode.swift; path = ScoreView.swift; sourceTree = "<group>"; };
		35719DE924BF457000E80812 /* ScoreViewTests.swift */ = {isa = PBXFileReference; lastKnownFileType = sourcecode.swift; path = ScoreViewTests.swift; sourceTree = "<group>"; };
		35719DED24BF46DF00E80812 /* Home+Fixtures.swift */ = {isa = PBXFileReference; lastKnownFileType = sourcecode.swift; path = "Home+Fixtures.swift"; sourceTree = "<group>"; };
		35719DEF24BF473400E80812 /* HomePresentationLogicSpy.swift */ = {isa = PBXFileReference; lastKnownFileType = sourcecode.swift; path = HomePresentationLogicSpy.swift; sourceTree = "<group>"; };
		35719DF124BF4C9700E80812 /* DesignSystem.swift */ = {isa = PBXFileReference; lastKnownFileType = sourcecode.swift; path = DesignSystem.swift; sourceTree = "<group>"; };
		35FA50A524BD3F3C00AC370A /* Assets.xcassets */ = {isa = PBXFileReference; lastKnownFileType = folder.assetcatalog; path = Assets.xcassets; sourceTree = "<group>"; };
		35FA50A724BD40CB00AC370A /* Anchorage.framework */ = {isa = PBXFileReference; explicitFileType = wrapper.framework; path = Anchorage.framework; sourceTree = BUILT_PRODUCTS_DIR; };
		35FA50C724BD60C500AC370A /* Presentation.framework */ = {isa = PBXFileReference; explicitFileType = wrapper.framework; includeInIndex = 0; path = Presentation.framework; sourceTree = BUILT_PRODUCTS_DIR; };
		35FA50CF24BD60C500AC370A /* PresentationTests.xctest */ = {isa = PBXFileReference; explicitFileType = wrapper.cfbundle; includeInIndex = 0; path = PresentationTests.xctest; sourceTree = BUILT_PRODUCTS_DIR; };
		35FA50EA24BD643300AC370A /* Assets+Generated.swift */ = {isa = PBXFileReference; fileEncoding = 4; lastKnownFileType = sourcecode.swift; path = "Assets+Generated.swift"; sourceTree = "<group>"; };
		35FA50EB24BD643300AC370A /* Strings+Generated.swift */ = {isa = PBXFileReference; fileEncoding = 4; lastKnownFileType = sourcecode.swift; path = "Strings+Generated.swift"; sourceTree = "<group>"; };
		35FA50ED24BD643300AC370A /* UIColor+Theme.swift */ = {isa = PBXFileReference; fileEncoding = 4; lastKnownFileType = sourcecode.swift; path = "UIColor+Theme.swift"; sourceTree = "<group>"; };
		35FA50EE24BD643300AC370A /* UIFont+Theme.swift */ = {isa = PBXFileReference; fileEncoding = 4; lastKnownFileType = sourcecode.swift; path = "UIFont+Theme.swift"; sourceTree = "<group>"; };
		35FA50F224BD643300AC370A /* DetailsViewController.swift */ = {isa = PBXFileReference; fileEncoding = 4; lastKnownFileType = sourcecode.swift; path = DetailsViewController.swift; sourceTree = "<group>"; };
		35FA50F924BD6AE600AC370A /* Assets.xcassets */ = {isa = PBXFileReference; lastKnownFileType = folder.assetcatalog; path = Assets.xcassets; sourceTree = "<group>"; };
		35FA50FA24BD6AE600AC370A /* Localizable.strings */ = {isa = PBXFileReference; fileEncoding = 4; lastKnownFileType = text.plist.strings; path = Localizable.strings; sourceTree = "<group>"; };
		35FA50FE24BD6B9D00AC370A /* UIFontThemeTests.swift */ = {isa = PBXFileReference; fileEncoding = 4; lastKnownFileType = sourcecode.swift; path = UIFontThemeTests.swift; sourceTree = "<group>"; };
		35FA510124BD6F6700AC370A /* OpenSans-Light.ttf */ = {isa = PBXFileReference; lastKnownFileType = file; path = "OpenSans-Light.ttf"; sourceTree = "<group>"; };
		35FA510224BD6F6700AC370A /* OpenSans-SemiBold.ttf */ = {isa = PBXFileReference; lastKnownFileType = file; path = "OpenSans-SemiBold.ttf"; sourceTree = "<group>"; };
		35FA510324BD6F6700AC370A /* OpenSans-Regular.ttf */ = {isa = PBXFileReference; lastKnownFileType = file; path = "OpenSans-Regular.ttf"; sourceTree = "<group>"; };
		35FA510A24BD703000AC370A /* Info.plist */ = {isa = PBXFileReference; fileEncoding = 4; lastKnownFileType = text.plist.xml; path = Info.plist; sourceTree = "<group>"; };
		35FA510D24BD715E00AC370A /* Fonts+Generated.swift */ = {isa = PBXFileReference; fileEncoding = 4; lastKnownFileType = sourcecode.swift; path = "Fonts+Generated.swift"; sourceTree = "<group>"; };
		35FA511624BD76F400AC370A /* Domain.framework */ = {isa = PBXFileReference; explicitFileType = wrapper.framework; includeInIndex = 0; path = Domain.framework; sourceTree = BUILT_PRODUCTS_DIR; };
		35FA511824BD76F400AC370A /* Domain.h */ = {isa = PBXFileReference; lastKnownFileType = sourcecode.c.h; path = Domain.h; sourceTree = "<group>"; };
		35FA511924BD76F400AC370A /* Info.plist */ = {isa = PBXFileReference; lastKnownFileType = text.plist.xml; path = Info.plist; sourceTree = "<group>"; };
		35FA511E24BD76F400AC370A /* DomainTests.xctest */ = {isa = PBXFileReference; explicitFileType = wrapper.cfbundle; includeInIndex = 0; path = DomainTests.xctest; sourceTree = BUILT_PRODUCTS_DIR; };
		35FA512724BD76F400AC370A /* Info.plist */ = {isa = PBXFileReference; lastKnownFileType = text.plist.xml; name = Info.plist; path = Domain/Resources/Info.plist; sourceTree = SOURCE_ROOT; };
		35FA513724BD7A2100AC370A /* Schedule.swift */ = {isa = PBXFileReference; lastKnownFileType = sourcecode.swift; path = Schedule.swift; sourceTree = "<group>"; };
		35FA513A24BD7B1B00AC370A /* DateUtilsTests.swift */ = {isa = PBXFileReference; lastKnownFileType = sourcecode.swift; path = DateUtilsTests.swift; sourceTree = "<group>"; };
		35FA513D24BD810F00AC370A /* Date+Utils.swift */ = {isa = PBXFileReference; lastKnownFileType = sourcecode.swift; path = "Date+Utils.swift"; sourceTree = "<group>"; };
		35FA514524BD857500AC370A /* ScheduleTests.swift */ = {isa = PBXFileReference; lastKnownFileType = sourcecode.swift; path = ScheduleTests.swift; sourceTree = "<group>"; };
		35FA514D24BDE89E00AC370A /* Repository.framework */ = {isa = PBXFileReference; explicitFileType = wrapper.framework; includeInIndex = 0; path = Repository.framework; sourceTree = BUILT_PRODUCTS_DIR; };
		35FA515524BDE89F00AC370A /* RepositoryTests.xctest */ = {isa = PBXFileReference; explicitFileType = wrapper.cfbundle; includeInIndex = 0; path = RepositoryTests.xctest; sourceTree = BUILT_PRODUCTS_DIR; };
		35FA516B24BDE90B00AC370A /* Repository.h */ = {isa = PBXFileReference; fileEncoding = 4; lastKnownFileType = sourcecode.c.h; path = Repository.h; sourceTree = "<group>"; };
		35FA516C24BDE90B00AC370A /* Info.plist */ = {isa = PBXFileReference; fileEncoding = 4; lastKnownFileType = text.plist.xml; path = Info.plist; sourceTree = "<group>"; };
		35FA516F24BDE90B00AC370A /* Info.plist */ = {isa = PBXFileReference; fileEncoding = 4; lastKnownFileType = text.plist.xml; path = Info.plist; sourceTree = "<group>"; };
		35FA517824BDEB5200AC370A /* RespoTests.swift */ = {isa = PBXFileReference; lastKnownFileType = sourcecode.swift; path = RespoTests.swift; sourceTree = "<group>"; };
		35FA518024BDEEFF00AC370A /* Presentation.h */ = {isa = PBXFileReference; fileEncoding = 4; lastKnownFileType = sourcecode.c.h; path = Presentation.h; sourceTree = "<group>"; };
		3829D2D54FE8539C91060DF1 /* Pods-Presentation.debug.xcconfig */ = {isa = PBXFileReference; includeInIndex = 1; lastKnownFileType = text.xcconfig; name = "Pods-Presentation.debug.xcconfig"; path = "Target Support Files/Pods-Presentation/Pods-Presentation.debug.xcconfig"; sourceTree = "<group>"; };
		3F58F5EC4483AE1B033EAA84 /* Pods_Places.framework */ = {isa = PBXFileReference; explicitFileType = wrapper.framework; includeInIndex = 0; path = Pods_Places.framework; sourceTree = BUILT_PRODUCTS_DIR; };
		65E5A9E505CE32935D04BC59 /* Pods-Presentation.release.xcconfig */ = {isa = PBXFileReference; includeInIndex = 1; lastKnownFileType = text.xcconfig; name = "Pods-Presentation.release.xcconfig"; path = "Target Support Files/Pods-Presentation/Pods-Presentation.release.xcconfig"; sourceTree = "<group>"; };
		9ACEE7C3F35FD16F02378B1F /* Pods-Places.debug.xcconfig */ = {isa = PBXFileReference; includeInIndex = 1; lastKnownFileType = text.xcconfig; name = "Pods-Places.debug.xcconfig"; path = "Target Support Files/Pods-Places/Pods-Places.debug.xcconfig"; sourceTree = "<group>"; };
		BF168A7826B50F27DEB6FFBF /* Pods_Presentation.framework */ = {isa = PBXFileReference; explicitFileType = wrapper.framework; includeInIndex = 0; path = Pods_Presentation.framework; sourceTree = BUILT_PRODUCTS_DIR; };
/* End PBXFileReference section */

/* Begin PBXFrameworksBuildPhase section */
		3540BF8C24BD323200BB7C78 /* Frameworks */ = {
			isa = PBXFrameworksBuildPhase;
			buildActionMask = 2147483647;
			files = (
				35FA516224BDE89F00AC370A /* Repository.framework in Frameworks */,
				35FA512B24BD76F500AC370A /* Domain.framework in Frameworks */,
				35FA50DC24BD60C600AC370A /* Presentation.framework in Frameworks */,
				57FA448DC8B8F0494593035B /* Pods_Places.framework in Frameworks */,
			);
			runOnlyForDeploymentPostprocessing = 0;
		};
		35FA50C424BD60C500AC370A /* Frameworks */ = {
			isa = PBXFrameworksBuildPhase;
			buildActionMask = 2147483647;
			files = (
				35FA517B24BDED7B00AC370A /* Repository.framework in Frameworks */,
				EB8D40AED30EC39FE1FD123F /* Pods_Presentation.framework in Frameworks */,
			);
			runOnlyForDeploymentPostprocessing = 0;
		};
		35FA50CC24BD60C500AC370A /* Frameworks */ = {
			isa = PBXFrameworksBuildPhase;
			buildActionMask = 2147483647;
			files = (
				3504006D24BFFFBD00E12D26 /* Domain.framework in Frameworks */,
				35FA50D024BD60C500AC370A /* Presentation.framework in Frameworks */,
			);
			runOnlyForDeploymentPostprocessing = 0;
		};
		35FA511324BD76F400AC370A /* Frameworks */ = {
			isa = PBXFrameworksBuildPhase;
			buildActionMask = 2147483647;
			files = (
			);
			runOnlyForDeploymentPostprocessing = 0;
		};
		35FA511B24BD76F400AC370A /* Frameworks */ = {
			isa = PBXFrameworksBuildPhase;
			buildActionMask = 2147483647;
			files = (
				35FA511F24BD76F400AC370A /* Domain.framework in Frameworks */,
			);
			runOnlyForDeploymentPostprocessing = 0;
		};
		35FA514A24BDE89E00AC370A /* Frameworks */ = {
			isa = PBXFrameworksBuildPhase;
			buildActionMask = 2147483647;
			files = (
			);
			runOnlyForDeploymentPostprocessing = 0;
		};
		35FA515224BDE89F00AC370A /* Frameworks */ = {
			isa = PBXFrameworksBuildPhase;
			buildActionMask = 2147483647;
			files = (
				35FA515624BDE89F00AC370A /* Repository.framework in Frameworks */,
			);
			runOnlyForDeploymentPostprocessing = 0;
		};
/* End PBXFrameworksBuildPhase section */

/* Begin PBXGroup section */
		160E56D0E71AC2ADCC42E209 /* Frameworks */ = {
			isa = PBXGroup;
			children = (
				35FA50A724BD40CB00AC370A /* Anchorage.framework */,
				3F58F5EC4483AE1B033EAA84 /* Pods_Places.framework */,
				BF168A7826B50F27DEB6FFBF /* Pods_Presentation.framework */,
			);
			name = Frameworks;
			sourceTree = "<group>";
		};
		3504005124BFF39000E12D26 /* Doubles */ = {
			isa = PBXGroup;
			children = (
				3504006B24BFFCE800E12D26 /* GetPlacesUseCaseSpy.swift */,
				3504005224BFF3A200E12D26 /* Random.swift */,
				3504005A24BFF7E900E12D26 /* Place+Fixture.swift */,
				3504006324BFFA1A00E12D26 /* PlacesRepositorySpy.swift */,
				3504006724BFFA4700E12D26 /* ErrorDummy.swift */,
			);
			path = Doubles;
			sourceTree = "<group>";
		};
		3504005424BFF3EE00E12D26 /* UseCases */ = {
			isa = PBXGroup;
			children = (
				3504005524BFF40800E12D26 /* GetPlacesUseCaseTest.swift */,
			);
			path = UseCases;
			sourceTree = "<group>";
		};
		3504005D24BFF9B800E12D26 /* UseCases */ = {
			isa = PBXGroup;
			children = (
				3504005E24BFF9C700E12D26 /* GetPlacesUseCase.swift */,
			);
			path = UseCases;
			sourceTree = "<group>";
		};
		3504006024BFF9E300E12D26 /* Repositories */ = {
			isa = PBXGroup;
			children = (
				3504006124BFF9F500E12D26 /* PlacesRepository.swift */,
			);
			path = Repositories;
			sourceTree = "<group>";
		};
		3540BF8624BD323200BB7C78 = {
			isa = PBXGroup;
			children = (
				3540BF9124BD323200BB7C78 /* Places */,
				35FA50C824BD60C500AC370A /* Presentation */,
				35FA511724BD76F400AC370A /* Domain */,
				35FA514E24BDE89F00AC370A /* Repository */,
				3540BF9024BD323200BB7C78 /* Products */,
				6D8F5F9357E13C65FB2CA615 /* Pods */,
				160E56D0E71AC2ADCC42E209 /* Frameworks */,
			);
			sourceTree = "<group>";
		};
		3540BF9024BD323200BB7C78 /* Products */ = {
			isa = PBXGroup;
			children = (
				3540BF8F24BD323200BB7C78 /* Places.app */,
				35FA50C724BD60C500AC370A /* Presentation.framework */,
				35FA50CF24BD60C500AC370A /* PresentationTests.xctest */,
				35FA511624BD76F400AC370A /* Domain.framework */,
				35FA511E24BD76F400AC370A /* DomainTests.xctest */,
				35FA514D24BDE89E00AC370A /* Repository.framework */,
				35FA515524BDE89F00AC370A /* RepositoryTests.xctest */,
			);
			name = Products;
			sourceTree = "<group>";
		};
		3540BF9124BD323200BB7C78 /* Places */ = {
			isa = PBXGroup;
			children = (
				35FA50A424BD3F2000AC370A /* Resources */,
				3540BF9224BD323200BB7C78 /* AppDelegate.swift */,
			);
			path = Places;
			sourceTree = "<group>";
		};
		35719DC324BE58C200E80812 /* Scenes */ = {
			isa = PBXGroup;
			children = (
				35719DC424BE58CC00E80812 /* Home */,
			);
			path = Scenes;
			sourceTree = "<group>";
		};
		35719DC424BE58CC00E80812 /* Home */ = {
			isa = PBXGroup;
			children = (
				35719DC524BE58E400E80812 /* HomeCollectionViewControllerTests.swift */,
				3504006924BFFAB300E12D26 /* HomePresenterTests.swift */,
			);
			path = Home;
			sourceTree = "<group>";
		};
		35719DC824BE661E00E80812 /* Home */ = {
			isa = PBXGroup;
			children = (
				35719DC924BE662A00E80812 /* HomeModels.swift */,
				35719DCC24BE663E00E80812 /* HomePresenter.swift */,
				35719DCE24BE664E00E80812 /* HomeCollectionViewController.swift */,
				35719DD924BE6AA200E80812 /* HomeConfigurator.swift */,
			);
			path = Home;
			sourceTree = "<group>";
		};
		35719DD024BE66AB00E80812 /* Utils */ = {
			isa = PBXGroup;
			children = (
				35719DD124BE66BB00E80812 /* CustomViewController.swift */,
				35719DDD24BE719D00E80812 /* Dequeable.swift */,
				35719DDF24BF3D2300E80812 /* StackViewBuilder.swift */,
				35719DE124BF423B00E80812 /* ColorRandomizer.swift */,
			);
			path = Utils;
			sourceTree = "<group>";
		};
		35719DE524BF44DD00E80812 /* Widgets */ = {
			isa = PBXGroup;
			children = (
				35719DE924BF457000E80812 /* ScoreViewTests.swift */,
			);
			path = Widgets;
			sourceTree = "<group>";
		};
		35719DEC24BF46C300E80812 /* Doubles */ = {
			isa = PBXGroup;
			children = (
				35719DED24BF46DF00E80812 /* Home+Fixtures.swift */,
				35719DEF24BF473400E80812 /* HomePresentationLogicSpy.swift */,
			);
			path = Doubles;
			sourceTree = "<group>";
		};
		35FA50A424BD3F2000AC370A /* Resources */ = {
			isa = PBXGroup;
			children = (
				3504004824BFB41A00E12D26 /* Info.plist */,
				3540BF9D24BD323300BB7C78 /* LaunchScreen.storyboard */,
				35FA50A524BD3F3C00AC370A /* Assets.xcassets */,
			);
			path = Resources;
			sourceTree = "<group>";
		};
		35FA50C824BD60C500AC370A /* Presentation */ = {
			isa = PBXGroup;
			children = (
				35FA50F824BD6AE600AC370A /* Resources */,
				35FA50E824BD63B100AC370A /* Sources */,
				35FA50E424BD62CA00AC370A /* Tests */,
			);
			path = Presentation;
			sourceTree = "<group>";
		};
		35FA50E424BD62CA00AC370A /* Tests */ = {
			isa = PBXGroup;
			children = (
				35719DEC24BF46C300E80812 /* Doubles */,
				35719DE524BF44DD00E80812 /* Widgets */,
				35719DC324BE58C200E80812 /* Scenes */,
				35FA50FD24BD6B9D00AC370A /* Theme */,
			);
			path = Tests;
			sourceTree = "<group>";
		};
		35FA50E824BD63B100AC370A /* Sources */ = {
			isa = PBXGroup;
			children = (
				35719DD024BE66AB00E80812 /* Utils */,
				35FA50E924BD643300AC370A /* Generated */,
				35FA50F024BD643300AC370A /* Scenes */,
				35FA50EC24BD643300AC370A /* Theme */,
				35FA50EF24BD643300AC370A /* Widgets */,
			);
			path = Sources;
			sourceTree = "<group>";
		};
		35FA50E924BD643300AC370A /* Generated */ = {
			isa = PBXGroup;
			children = (
				35FA510D24BD715E00AC370A /* Fonts+Generated.swift */,
				35FA50EA24BD643300AC370A /* Assets+Generated.swift */,
				35FA50EB24BD643300AC370A /* Strings+Generated.swift */,
			);
			path = Generated;
			sourceTree = "<group>";
		};
		35FA50EC24BD643300AC370A /* Theme */ = {
			isa = PBXGroup;
			children = (
				35FA50ED24BD643300AC370A /* UIColor+Theme.swift */,
				35FA50EE24BD643300AC370A /* UIFont+Theme.swift */,
				35719DF124BF4C9700E80812 /* DesignSystem.swift */,
			);
			path = Theme;
			sourceTree = "<group>";
		};
		35FA50EF24BD643300AC370A /* Widgets */ = {
			isa = PBXGroup;
			children = (
				35719DD324BE68BB00E80812 /* PinterestLayout.swift */,
				35719DDB24BE6DBB00E80812 /* PlaceCell.swift */,
				35719DE324BF43A500E80812 /* ScoreView.swift */,
			);
			path = Widgets;
			sourceTree = "<group>";
		};
		35FA50F024BD643300AC370A /* Scenes */ = {
			isa = PBXGroup;
			children = (
				35719DC824BE661E00E80812 /* Home */,
				35FA50F124BD643300AC370A /* Details */,
			);
			path = Scenes;
			sourceTree = "<group>";
		};
		35FA50F124BD643300AC370A /* Details */ = {
			isa = PBXGroup;
			children = (
				35FA50F224BD643300AC370A /* DetailsViewController.swift */,
			);
			path = Details;
			sourceTree = "<group>";
		};
		35FA50F824BD6AE600AC370A /* Resources */ = {
			isa = PBXGroup;
			children = (
				35FA510024BD6F4800AC370A /* Fonts */,
				35FA50F924BD6AE600AC370A /* Assets.xcassets */,
				35FA510A24BD703000AC370A /* Info.plist */,
				35FA50FA24BD6AE600AC370A /* Localizable.strings */,
				35FA518024BDEEFF00AC370A /* Presentation.h */,
			);
			path = Resources;
			sourceTree = "<group>";
		};
		35FA50FD24BD6B9D00AC370A /* Theme */ = {
			isa = PBXGroup;
			children = (
				35FA50FE24BD6B9D00AC370A /* UIFontThemeTests.swift */,
			);
			path = Theme;
			sourceTree = "<group>";
		};
		35FA510024BD6F4800AC370A /* Fonts */ = {
			isa = PBXGroup;
			children = (
				35FA510124BD6F6700AC370A /* OpenSans-Light.ttf */,
				35FA510324BD6F6700AC370A /* OpenSans-Regular.ttf */,
				35FA510224BD6F6700AC370A /* OpenSans-SemiBold.ttf */,
			);
			path = Fonts;
			sourceTree = "<group>";
		};
		35FA511724BD76F400AC370A /* Domain */ = {
			isa = PBXGroup;
			children = (
				35FA513324BD770A00AC370A /* Sources */,
				35FA513424BD771200AC370A /* Resources */,
				35FA513524BD771A00AC370A /* Tests */,
			);
			path = Domain;
			sourceTree = "<group>";
		};
		35FA513324BD770A00AC370A /* Sources */ = {
			isa = PBXGroup;
			children = (
				3504006024BFF9E300E12D26 /* Repositories */,
				3504005D24BFF9B800E12D26 /* UseCases */,
				35FA513C24BD810000AC370A /* Utils */,
				35FA513624BD7A0A00AC370A /* Entities */,
			);
			path = Sources;
			sourceTree = "<group>";
		};
		35FA513424BD771200AC370A /* Resources */ = {
			isa = PBXGroup;
			children = (
				35FA511824BD76F400AC370A /* Domain.h */,
				35FA512724BD76F400AC370A /* Info.plist */,
			);
			path = Resources;
			sourceTree = "<group>";
		};
		35FA513524BD771A00AC370A /* Tests */ = {
			isa = PBXGroup;
			children = (
				3504005424BFF3EE00E12D26 /* UseCases */,
				3504005124BFF39000E12D26 /* Doubles */,
				35FA513F24BD812500AC370A /* Entities */,
				35FA513924BD7B0100AC370A /* Utils */,
				35FA511924BD76F400AC370A /* Info.plist */,
			);
			path = Tests;
			sourceTree = "<group>";
		};
		35FA513624BD7A0A00AC370A /* Entities */ = {
			isa = PBXGroup;
			children = (
				35FA513724BD7A2100AC370A /* Schedule.swift */,
				3504004C24BFF2EE00E12D26 /* Place.swift */,
			);
			path = Entities;
			sourceTree = "<group>";
		};
		35FA513924BD7B0100AC370A /* Utils */ = {
			isa = PBXGroup;
			children = (
				35FA513A24BD7B1B00AC370A /* DateUtilsTests.swift */,
				3504005724BFF69B00E12D26 /* Result+Extension.swift */,
			);
			path = Utils;
			sourceTree = "<group>";
		};
		35FA513C24BD810000AC370A /* Utils */ = {
			isa = PBXGroup;
			children = (
				35FA513D24BD810F00AC370A /* Date+Utils.swift */,
			);
			path = Utils;
			sourceTree = "<group>";
		};
		35FA513F24BD812500AC370A /* Entities */ = {
			isa = PBXGroup;
			children = (
				35FA514524BD857500AC370A /* ScheduleTests.swift */,
				3504004A24BFECBB00E12D26 /* PlaceTests.swift */,
			);
			path = Entities;
			sourceTree = "<group>";
		};
		35FA514E24BDE89F00AC370A /* Repository */ = {
			isa = PBXGroup;
			children = (
				35FA516A24BDE90B00AC370A /* Resources */,
				35FA516D24BDE90B00AC370A /* Sources */,
				35FA516E24BDE90B00AC370A /* Tests */,
			);
			path = Repository;
			sourceTree = "<group>";
		};
		35FA516A24BDE90B00AC370A /* Resources */ = {
			isa = PBXGroup;
			children = (
				35FA516B24BDE90B00AC370A /* Repository.h */,
				35FA516C24BDE90B00AC370A /* Info.plist */,
			);
			path = Resources;
			sourceTree = "<group>";
		};
		35FA516D24BDE90B00AC370A /* Sources */ = {
			isa = PBXGroup;
			children = (
			);
			path = Sources;
			sourceTree = "<group>";
		};
		35FA516E24BDE90B00AC370A /* Tests */ = {
			isa = PBXGroup;
			children = (
				35FA517A24BDEC5600AC370A /* Resources */,
				35FA517824BDEB5200AC370A /* RespoTests.swift */,
			);
			path = Tests;
			sourceTree = "<group>";
		};
		35FA517A24BDEC5600AC370A /* Resources */ = {
			isa = PBXGroup;
			children = (
				35FA516F24BDE90B00AC370A /* Info.plist */,
			);
			path = Resources;
			sourceTree = "<group>";
		};
		6D8F5F9357E13C65FB2CA615 /* Pods */ = {
			isa = PBXGroup;
			children = (
				9ACEE7C3F35FD16F02378B1F /* Pods-Places.debug.xcconfig */,
				2642F99A0B64754E17D5CCEB /* Pods-Places.release.xcconfig */,
				3829D2D54FE8539C91060DF1 /* Pods-Presentation.debug.xcconfig */,
				65E5A9E505CE32935D04BC59 /* Pods-Presentation.release.xcconfig */,
			);
			path = Pods;
			sourceTree = "<group>";
		};
/* End PBXGroup section */

/* Begin PBXHeadersBuildPhase section */
		35FA50C224BD60C500AC370A /* Headers */ = {
			isa = PBXHeadersBuildPhase;
			buildActionMask = 2147483647;
			files = (
				35FA518124BDEEFF00AC370A /* Presentation.h in Headers */,
			);
			runOnlyForDeploymentPostprocessing = 0;
		};
		35FA511124BD76F400AC370A /* Headers */ = {
			isa = PBXHeadersBuildPhase;
			buildActionMask = 2147483647;
			files = (
				35FA512824BD76F400AC370A /* Domain.h in Headers */,
			);
			runOnlyForDeploymentPostprocessing = 0;
		};
		35FA514824BDE89E00AC370A /* Headers */ = {
			isa = PBXHeadersBuildPhase;
			buildActionMask = 2147483647;
			files = (
				35FA517124BDE90B00AC370A /* Repository.h in Headers */,
			);
			runOnlyForDeploymentPostprocessing = 0;
		};
/* End PBXHeadersBuildPhase section */

/* Begin PBXNativeTarget section */
		3540BF8E24BD323200BB7C78 /* Places */ = {
			isa = PBXNativeTarget;
			buildConfigurationList = 3540BFA324BD323300BB7C78 /* Build configuration list for PBXNativeTarget "Places" */;
			buildPhases = (
				82D95DE9508E1282C43CBDF5 /* [CP] Check Pods Manifest.lock */,
				3540BF8B24BD323200BB7C78 /* Sources */,
				3540BF8C24BD323200BB7C78 /* Frameworks */,
				3540BF8D24BD323200BB7C78 /* Resources */,
				35FA507724BD341400AC370A /* SwiftGen */,
				35FA508F24BD3A9300AC370A /* Embed Frameworks */,
				D4F00E20BFF8E6A2E4BCC954 /* [CP] Embed Pods Frameworks */,
			);
			buildRules = (
			);
			dependencies = (
				35FA50DB24BD60C600AC370A /* PBXTargetDependency */,
				35FA512A24BD76F500AC370A /* PBXTargetDependency */,
				35FA516124BDE89F00AC370A /* PBXTargetDependency */,
			);
			name = Places;
			productName = Places;
			productReference = 3540BF8F24BD323200BB7C78 /* Places.app */;
			productType = "com.apple.product-type.application";
		};
		35FA50C624BD60C500AC370A /* Presentation */ = {
			isa = PBXNativeTarget;
			buildConfigurationList = 35FA50DE24BD60C600AC370A /* Build configuration list for PBXNativeTarget "Presentation" */;
			buildPhases = (
				E138921EEED9C78D89B4C7FD /* [CP] Check Pods Manifest.lock */,
				35FA50C224BD60C500AC370A /* Headers */,
				35FA50C324BD60C500AC370A /* Sources */,
				35FA50C424BD60C500AC370A /* Frameworks */,
				35FA50C524BD60C500AC370A /* Resources */,
				35FA517F24BDED7B00AC370A /* Embed Frameworks */,
			);
			buildRules = (
			);
			dependencies = (
				35FA517E24BDED7B00AC370A /* PBXTargetDependency */,
			);
			name = Presentation;
			productName = Presentation;
			productReference = 35FA50C724BD60C500AC370A /* Presentation.framework */;
			productType = "com.apple.product-type.framework";
		};
		35FA50CE24BD60C500AC370A /* PresentationTests */ = {
			isa = PBXNativeTarget;
			buildConfigurationList = 35FA50E124BD60C600AC370A /* Build configuration list for PBXNativeTarget "PresentationTests" */;
			buildPhases = (
				35FA50CB24BD60C500AC370A /* Sources */,
				35FA50CC24BD60C500AC370A /* Frameworks */,
				35FA50CD24BD60C500AC370A /* Resources */,
			);
			buildRules = (
			);
			dependencies = (
				35FA50D224BD60C500AC370A /* PBXTargetDependency */,
				35FA50D424BD60C600AC370A /* PBXTargetDependency */,
			);
			name = PresentationTests;
			productName = PresentationTests;
			productReference = 35FA50CF24BD60C500AC370A /* PresentationTests.xctest */;
			productType = "com.apple.product-type.bundle.unit-test";
		};
		35FA511524BD76F400AC370A /* Domain */ = {
			isa = PBXNativeTarget;
			buildConfigurationList = 35FA512D24BD76F500AC370A /* Build configuration list for PBXNativeTarget "Domain" */;
			buildPhases = (
				35FA511124BD76F400AC370A /* Headers */,
				35FA511224BD76F400AC370A /* Sources */,
				35FA511324BD76F400AC370A /* Frameworks */,
				35FA511424BD76F400AC370A /* Resources */,
			);
			buildRules = (
			);
			dependencies = (
			);
			name = Domain;
			productName = Domain;
			productReference = 35FA511624BD76F400AC370A /* Domain.framework */;
			productType = "com.apple.product-type.framework";
		};
		35FA511D24BD76F400AC370A /* DomainTests */ = {
			isa = PBXNativeTarget;
			buildConfigurationList = 35FA513024BD76F500AC370A /* Build configuration list for PBXNativeTarget "DomainTests" */;
			buildPhases = (
				35FA511A24BD76F400AC370A /* Sources */,
				35FA511B24BD76F400AC370A /* Frameworks */,
				35FA511C24BD76F400AC370A /* Resources */,
			);
			buildRules = (
			);
			dependencies = (
				35FA512124BD76F400AC370A /* PBXTargetDependency */,
				35FA512324BD76F400AC370A /* PBXTargetDependency */,
			);
			name = DomainTests;
			productName = DomainTests;
			productReference = 35FA511E24BD76F400AC370A /* DomainTests.xctest */;
			productType = "com.apple.product-type.bundle.unit-test";
		};
		35FA514C24BDE89E00AC370A /* Repository */ = {
			isa = PBXNativeTarget;
			buildConfigurationList = 35FA516424BDE8A000AC370A /* Build configuration list for PBXNativeTarget "Repository" */;
			buildPhases = (
				35FA514824BDE89E00AC370A /* Headers */,
				35FA514924BDE89E00AC370A /* Sources */,
				35FA514A24BDE89E00AC370A /* Frameworks */,
				35FA514B24BDE89E00AC370A /* Resources */,
			);
			buildRules = (
			);
			dependencies = (
			);
			name = Repository;
			productName = Repository;
			productReference = 35FA514D24BDE89E00AC370A /* Repository.framework */;
			productType = "com.apple.product-type.framework";
		};
		35FA515424BDE89F00AC370A /* RepositoryTests */ = {
			isa = PBXNativeTarget;
			buildConfigurationList = 35FA516724BDE8A000AC370A /* Build configuration list for PBXNativeTarget "RepositoryTests" */;
			buildPhases = (
				35FA515124BDE89F00AC370A /* Sources */,
				35FA515224BDE89F00AC370A /* Frameworks */,
				35FA515324BDE89F00AC370A /* Resources */,
			);
			buildRules = (
			);
			dependencies = (
				35FA515824BDE89F00AC370A /* PBXTargetDependency */,
				35FA515A24BDE89F00AC370A /* PBXTargetDependency */,
			);
			name = RepositoryTests;
			productName = RepositoryTests;
			productReference = 35FA515524BDE89F00AC370A /* RepositoryTests.xctest */;
			productType = "com.apple.product-type.bundle.unit-test";
		};
/* End PBXNativeTarget section */

/* Begin PBXProject section */
		3540BF8724BD323200BB7C78 /* Project object */ = {
			isa = PBXProject;
			attributes = {
				DefaultBuildSystemTypeForWorkspace = Original;
				LastSwiftUpdateCheck = 1150;
				LastUpgradeCheck = 1150;
				ORGANIZATIONNAME = Willian;
				TargetAttributes = {
					3540BF8E24BD323200BB7C78 = {
						CreatedOnToolsVersion = 11.5;
					};
					35FA50C624BD60C500AC370A = {
						CreatedOnToolsVersion = 11.5;
					};
					35FA50CE24BD60C500AC370A = {
						CreatedOnToolsVersion = 11.5;
						LastSwiftMigration = 1150;
						TestTargetID = 3540BF8E24BD323200BB7C78;
					};
					35FA511524BD76F400AC370A = {
						CreatedOnToolsVersion = 11.5;
						LastSwiftMigration = 1150;
					};
					35FA511D24BD76F400AC370A = {
						CreatedOnToolsVersion = 11.5;
					};
					35FA514C24BDE89E00AC370A = {
						CreatedOnToolsVersion = 11.5;
					};
					35FA515424BDE89F00AC370A = {
						CreatedOnToolsVersion = 11.5;
						LastSwiftMigration = 1150;
					};
				};
			};
			buildConfigurationList = 3540BF8A24BD323200BB7C78 /* Build configuration list for PBXProject "Places" */;
			compatibilityVersion = "Xcode 9.3";
			developmentRegion = en;
			hasScannedForEncodings = 0;
			knownRegions = (
				en,
				Base,
			);
			mainGroup = 3540BF8624BD323200BB7C78;
			productRefGroup = 3540BF9024BD323200BB7C78 /* Products */;
			projectDirPath = "";
			projectRoot = "";
			targets = (
				3540BF8E24BD323200BB7C78 /* Places */,
				35FA50C624BD60C500AC370A /* Presentation */,
				35FA50CE24BD60C500AC370A /* PresentationTests */,
				35FA511524BD76F400AC370A /* Domain */,
				35FA511D24BD76F400AC370A /* DomainTests */,
				35FA514C24BDE89E00AC370A /* Repository */,
				35FA515424BDE89F00AC370A /* RepositoryTests */,
			);
		};
/* End PBXProject section */

/* Begin PBXResourcesBuildPhase section */
		3540BF8D24BD323200BB7C78 /* Resources */ = {
			isa = PBXResourcesBuildPhase;
			buildActionMask = 2147483647;
			files = (
				35FA50A624BD3F3C00AC370A /* Assets.xcassets in Resources */,
				3540BF9F24BD323300BB7C78 /* LaunchScreen.storyboard in Resources */,
				3504004924BFB41A00E12D26 /* Info.plist in Resources */,
			);
			runOnlyForDeploymentPostprocessing = 0;
		};
		35FA50C524BD60C500AC370A /* Resources */ = {
			isa = PBXResourcesBuildPhase;
			buildActionMask = 2147483647;
			files = (
				35FA510824BD6F6700AC370A /* OpenSans-Regular.ttf in Resources */,
				35FA510624BD6F6700AC370A /* OpenSans-SemiBold.ttf in Resources */,
				35FA510B24BD703000AC370A /* Info.plist in Resources */,
				35FA510424BD6F6700AC370A /* OpenSans-Light.ttf in Resources */,
				35FA50FB24BD6AE600AC370A /* Assets.xcassets in Resources */,
				35FA50FC24BD6AE600AC370A /* Localizable.strings in Resources */,
			);
			runOnlyForDeploymentPostprocessing = 0;
		};
		35FA50CD24BD60C500AC370A /* Resources */ = {
			isa = PBXResourcesBuildPhase;
			buildActionMask = 2147483647;
			files = (
				35FA510C24BD703000AC370A /* Info.plist in Resources */,
				35FA510724BD6F6700AC370A /* OpenSans-SemiBold.ttf in Resources */,
				35FA510924BD6F6700AC370A /* OpenSans-Regular.ttf in Resources */,
				35FA510524BD6F6700AC370A /* OpenSans-Light.ttf in Resources */,
				35FA511024BD754600AC370A /* Assets.xcassets in Resources */,
			);
			runOnlyForDeploymentPostprocessing = 0;
		};
		35FA511424BD76F400AC370A /* Resources */ = {
			isa = PBXResourcesBuildPhase;
			buildActionMask = 2147483647;
			files = (
			);
			runOnlyForDeploymentPostprocessing = 0;
		};
		35FA511C24BD76F400AC370A /* Resources */ = {
			isa = PBXResourcesBuildPhase;
			buildActionMask = 2147483647;
			files = (
			);
			runOnlyForDeploymentPostprocessing = 0;
		};
		35FA514B24BDE89E00AC370A /* Resources */ = {
			isa = PBXResourcesBuildPhase;
			buildActionMask = 2147483647;
			files = (
				35FA517224BDE90B00AC370A /* Info.plist in Resources */,
			);
			runOnlyForDeploymentPostprocessing = 0;
		};
		35FA515324BDE89F00AC370A /* Resources */ = {
			isa = PBXResourcesBuildPhase;
			buildActionMask = 2147483647;
			files = (
				35FA517524BDE91000AC370A /* Info.plist in Resources */,
			);
			runOnlyForDeploymentPostprocessing = 0;
		};
/* End PBXResourcesBuildPhase section */

/* Begin PBXShellScriptBuildPhase section */
		35FA507724BD341400AC370A /* SwiftGen */ = {
			isa = PBXShellScriptBuildPhase;
			buildActionMask = 2147483647;
			files = (
			);
			inputFileListPaths = (
			);
			inputPaths = (
			);
			name = SwiftGen;
			outputFileListPaths = (
			);
			outputPaths = (
			);
			runOnlyForDeploymentPostprocessing = 0;
			shellPath = /bin/sh;
			shellScript = "if [[ -f \"${PODS_ROOT}/SwiftGen/bin/swiftgen\" ]]; then\n  \"${PODS_ROOT}/SwiftGen/bin/swiftgen\"\nelse\n  echo \"warning: SwiftGen is not installed. Run 'pod install --repo-update' to install it.\"\nfi\n";
		};
		82D95DE9508E1282C43CBDF5 /* [CP] Check Pods Manifest.lock */ = {
			isa = PBXShellScriptBuildPhase;
			buildActionMask = 2147483647;
			files = (
			);
			inputFileListPaths = (
			);
			inputPaths = (
				"${PODS_PODFILE_DIR_PATH}/Podfile.lock",
				"${PODS_ROOT}/Manifest.lock",
			);
			name = "[CP] Check Pods Manifest.lock";
			outputFileListPaths = (
			);
			outputPaths = (
				"$(DERIVED_FILE_DIR)/Pods-Places-checkManifestLockResult.txt",
			);
			runOnlyForDeploymentPostprocessing = 0;
			shellPath = /bin/sh;
			shellScript = "diff \"${PODS_PODFILE_DIR_PATH}/Podfile.lock\" \"${PODS_ROOT}/Manifest.lock\" > /dev/null\nif [ $? != 0 ] ; then\n    # print error to STDERR\n    echo \"error: The sandbox is not in sync with the Podfile.lock. Run 'pod install' or update your CocoaPods installation.\" >&2\n    exit 1\nfi\n# This output is used by Xcode 'outputs' to avoid re-running this script phase.\necho \"SUCCESS\" > \"${SCRIPT_OUTPUT_FILE_0}\"\n";
			showEnvVarsInLog = 0;
		};
		D4F00E20BFF8E6A2E4BCC954 /* [CP] Embed Pods Frameworks */ = {
			isa = PBXShellScriptBuildPhase;
			buildActionMask = 2147483647;
			files = (
			);
			inputFileListPaths = (
				"${PODS_ROOT}/Target Support Files/Pods-Places/Pods-Places-frameworks-${CONFIGURATION}-input-files.xcfilelist",
			);
			name = "[CP] Embed Pods Frameworks";
			outputFileListPaths = (
				"${PODS_ROOT}/Target Support Files/Pods-Places/Pods-Places-frameworks-${CONFIGURATION}-output-files.xcfilelist",
			);
			runOnlyForDeploymentPostprocessing = 0;
			shellPath = /bin/sh;
			shellScript = "\"${PODS_ROOT}/Target Support Files/Pods-Places/Pods-Places-frameworks.sh\"\n";
			showEnvVarsInLog = 0;
		};
		E138921EEED9C78D89B4C7FD /* [CP] Check Pods Manifest.lock */ = {
			isa = PBXShellScriptBuildPhase;
			buildActionMask = 2147483647;
			files = (
			);
			inputFileListPaths = (
			);
			inputPaths = (
				"${PODS_PODFILE_DIR_PATH}/Podfile.lock",
				"${PODS_ROOT}/Manifest.lock",
			);
			name = "[CP] Check Pods Manifest.lock";
			outputFileListPaths = (
			);
			outputPaths = (
				"$(DERIVED_FILE_DIR)/Pods-Presentation-checkManifestLockResult.txt",
			);
			runOnlyForDeploymentPostprocessing = 0;
			shellPath = /bin/sh;
			shellScript = "diff \"${PODS_PODFILE_DIR_PATH}/Podfile.lock\" \"${PODS_ROOT}/Manifest.lock\" > /dev/null\nif [ $? != 0 ] ; then\n    # print error to STDERR\n    echo \"error: The sandbox is not in sync with the Podfile.lock. Run 'pod install' or update your CocoaPods installation.\" >&2\n    exit 1\nfi\n# This output is used by Xcode 'outputs' to avoid re-running this script phase.\necho \"SUCCESS\" > \"${SCRIPT_OUTPUT_FILE_0}\"\n";
			showEnvVarsInLog = 0;
		};
/* End PBXShellScriptBuildPhase section */

/* Begin PBXSourcesBuildPhase section */
		3540BF8B24BD323200BB7C78 /* Sources */ = {
			isa = PBXSourcesBuildPhase;
			buildActionMask = 2147483647;
			files = (
				3540BF9324BD323200BB7C78 /* AppDelegate.swift in Sources */,
			);
			runOnlyForDeploymentPostprocessing = 0;
		};
		35FA50C324BD60C500AC370A /* Sources */ = {
			isa = PBXSourcesBuildPhase;
			buildActionMask = 2147483647;
			files = (
				35719DDC24BE6DBB00E80812 /* PlaceCell.swift in Sources */,
				35719DCF24BE664E00E80812 /* HomeCollectionViewController.swift in Sources */,
				35FA50F624BD643300AC370A /* UIFont+Theme.swift in Sources */,
				35719DE424BF43A600E80812 /* ScoreView.swift in Sources */,
				35FA50F524BD643300AC370A /* UIColor+Theme.swift in Sources */,
				35719DDE24BE719D00E80812 /* Dequeable.swift in Sources */,
				35FA50F424BD643300AC370A /* Strings+Generated.swift in Sources */,
				35FA50F324BD643300AC370A /* Assets+Generated.swift in Sources */,
				35FA510E24BD715E00AC370A /* Fonts+Generated.swift in Sources */,
				35719DF224BF4C9700E80812 /* DesignSystem.swift in Sources */,
				35FA50F724BD643300AC370A /* DetailsViewController.swift in Sources */,
				35719DD424BE68BB00E80812 /* PinterestLayout.swift in Sources */,
				35719DE224BF423B00E80812 /* ColorRandomizer.swift in Sources */,
				35719DD224BE66BB00E80812 /* CustomViewController.swift in Sources */,
				35719DE024BF3D2300E80812 /* StackViewBuilder.swift in Sources */,
				35719DDA24BE6AA200E80812 /* HomeConfigurator.swift in Sources */,
				35719DCA24BE662A00E80812 /* HomeModels.swift in Sources */,
				35719DCD24BE663E00E80812 /* HomePresenter.swift in Sources */,
			);
			runOnlyForDeploymentPostprocessing = 0;
		};
		35FA50CB24BD60C500AC370A /* Sources */ = {
			isa = PBXSourcesBuildPhase;
			buildActionMask = 2147483647;
			files = (
				35719DF024BF473400E80812 /* HomePresentationLogicSpy.swift in Sources */,
				3504007524C0007200E12D26 /* Place+Fixture.swift in Sources */,
				3504007424C0006A00E12D26 /* GetPlacesUseCaseSpy.swift in Sources */,
				35719DEE24BF46DF00E80812 /* Home+Fixtures.swift in Sources */,
				35FA510F24BD715E00AC370A /* Fonts+Generated.swift in Sources */,
				3504006A24BFFAB300E12D26 /* HomePresenterTests.swift in Sources */,
				35719DEB24BF467100E80812 /* ScoreViewTests.swift in Sources */,
				35FA50FF24BD6B9D00AC370A /* UIFontThemeTests.swift in Sources */,
				3504007724C000B000E12D26 /* Random.swift in Sources */,
				3504007224C0005600E12D26 /* ErrorDummy.swift in Sources */,
				35719DC624BE58E400E80812 /* HomeCollectionViewControllerTests.swift in Sources */,
			);
			runOnlyForDeploymentPostprocessing = 0;
		};
		35FA511224BD76F400AC370A /* Sources */ = {
			isa = PBXSourcesBuildPhase;
			buildActionMask = 2147483647;
			files = (
				3504005824BFF69B00E12D26 /* Result+Extension.swift in Sources */,
				3504006224BFF9F500E12D26 /* PlacesRepository.swift in Sources */,
				3504005F24BFF9C700E12D26 /* GetPlacesUseCase.swift in Sources */,
				3504004D24BFF2EE00E12D26 /* Place.swift in Sources */,
				35FA513824BD7A2100AC370A /* Schedule.swift in Sources */,
				35FA513E24BD810F00AC370A /* Date+Utils.swift in Sources */,
			);
			runOnlyForDeploymentPostprocessing = 0;
		};
		35FA511A24BD76F400AC370A /* Sources */ = {
			isa = PBXSourcesBuildPhase;
			buildActionMask = 2147483647;
			files = (
				3504005324BFF3A200E12D26 /* Random.swift in Sources */,
				3504007024C0004B00E12D26 /* GetPlacesUseCaseSpy.swift in Sources */,
				3504006824BFFA4700E12D26 /* ErrorDummy.swift in Sources */,
				3504007924C000C200E12D26 /* GetPlacesUseCaseTest.swift in Sources */,
				3504006624BFFA3600E12D26 /* PlacesRepositorySpy.swift in Sources */,
				3504005C24BFF80D00E12D26 /* Place+Fixture.swift in Sources */,
				35FA514724BD85A800AC370A /* ScheduleTests.swift in Sources */,
				3504004B24BFECBB00E12D26 /* PlaceTests.swift in Sources */,
				35FA513B24BD7B1B00AC370A /* DateUtilsTests.swift in Sources */,
			);
			runOnlyForDeploymentPostprocessing = 0;
		};
		35FA514924BDE89E00AC370A /* Sources */ = {
			isa = PBXSourcesBuildPhase;
			buildActionMask = 2147483647;
			files = (
			);
			runOnlyForDeploymentPostprocessing = 0;
		};
		35FA515124BDE89F00AC370A /* Sources */ = {
			isa = PBXSourcesBuildPhase;
			buildActionMask = 2147483647;
			files = (
				3504007824C000B100E12D26 /* Random.swift in Sources */,
				35FA517924BDEB5200AC370A /* RespoTests.swift in Sources */,
				3504007624C0007300E12D26 /* Place+Fixture.swift in Sources */,
				3504007324C0005900E12D26 /* ErrorDummy.swift in Sources */,
			);
			runOnlyForDeploymentPostprocessing = 0;
		};
/* End PBXSourcesBuildPhase section */

/* Begin PBXTargetDependency section */
		35FA50D224BD60C500AC370A /* PBXTargetDependency */ = {
			isa = PBXTargetDependency;
			target = 35FA50C624BD60C500AC370A /* Presentation */;
			targetProxy = 35FA50D124BD60C500AC370A /* PBXContainerItemProxy */;
		};
		35FA50D424BD60C600AC370A /* PBXTargetDependency */ = {
			isa = PBXTargetDependency;
			target = 3540BF8E24BD323200BB7C78 /* Places */;
			targetProxy = 35FA50D324BD60C600AC370A /* PBXContainerItemProxy */;
		};
		35FA50DB24BD60C600AC370A /* PBXTargetDependency */ = {
			isa = PBXTargetDependency;
			target = 35FA50C624BD60C500AC370A /* Presentation */;
			targetProxy = 35FA50DA24BD60C600AC370A /* PBXContainerItemProxy */;
		};
		35FA512124BD76F400AC370A /* PBXTargetDependency */ = {
			isa = PBXTargetDependency;
			target = 35FA511524BD76F400AC370A /* Domain */;
			targetProxy = 35FA512024BD76F400AC370A /* PBXContainerItemProxy */;
		};
		35FA512324BD76F400AC370A /* PBXTargetDependency */ = {
			isa = PBXTargetDependency;
			target = 3540BF8E24BD323200BB7C78 /* Places */;
			targetProxy = 35FA512224BD76F400AC370A /* PBXContainerItemProxy */;
		};
		35FA512A24BD76F500AC370A /* PBXTargetDependency */ = {
			isa = PBXTargetDependency;
			target = 35FA511524BD76F400AC370A /* Domain */;
			targetProxy = 35FA512924BD76F500AC370A /* PBXContainerItemProxy */;
		};
		35FA515824BDE89F00AC370A /* PBXTargetDependency */ = {
			isa = PBXTargetDependency;
			target = 35FA514C24BDE89E00AC370A /* Repository */;
			targetProxy = 35FA515724BDE89F00AC370A /* PBXContainerItemProxy */;
		};
		35FA515A24BDE89F00AC370A /* PBXTargetDependency */ = {
			isa = PBXTargetDependency;
			target = 3540BF8E24BD323200BB7C78 /* Places */;
			targetProxy = 35FA515924BDE89F00AC370A /* PBXContainerItemProxy */;
		};
		35FA516124BDE89F00AC370A /* PBXTargetDependency */ = {
			isa = PBXTargetDependency;
			target = 35FA514C24BDE89E00AC370A /* Repository */;
			targetProxy = 35FA516024BDE89F00AC370A /* PBXContainerItemProxy */;
		};
		35FA517E24BDED7B00AC370A /* PBXTargetDependency */ = {
			isa = PBXTargetDependency;
			target = 35FA514C24BDE89E00AC370A /* Repository */;
			targetProxy = 35FA517D24BDED7B00AC370A /* PBXContainerItemProxy */;
		};
/* End PBXTargetDependency section */

/* Begin PBXVariantGroup section */
		3540BF9D24BD323300BB7C78 /* LaunchScreen.storyboard */ = {
			isa = PBXVariantGroup;
			children = (
				3540BF9E24BD323300BB7C78 /* Base */,
			);
			name = LaunchScreen.storyboard;
			sourceTree = "<group>";
		};
/* End PBXVariantGroup section */

/* Begin XCBuildConfiguration section */
		3540BFA124BD323300BB7C78 /* Debug */ = {
			isa = XCBuildConfiguration;
			buildSettings = {
				ALWAYS_SEARCH_USER_PATHS = NO;
				CLANG_ANALYZER_NONNULL = YES;
				CLANG_ANALYZER_NUMBER_OBJECT_CONVERSION = YES_AGGRESSIVE;
				CLANG_CXX_LANGUAGE_STANDARD = "gnu++14";
				CLANG_CXX_LIBRARY = "libc++";
				CLANG_ENABLE_MODULES = YES;
				CLANG_ENABLE_OBJC_ARC = YES;
				CLANG_ENABLE_OBJC_WEAK = YES;
				CLANG_WARN_BLOCK_CAPTURE_AUTORELEASING = YES;
				CLANG_WARN_BOOL_CONVERSION = YES;
				CLANG_WARN_COMMA = YES;
				CLANG_WARN_CONSTANT_CONVERSION = YES;
				CLANG_WARN_DEPRECATED_OBJC_IMPLEMENTATIONS = YES;
				CLANG_WARN_DIRECT_OBJC_ISA_USAGE = YES_ERROR;
				CLANG_WARN_DOCUMENTATION_COMMENTS = YES;
				CLANG_WARN_EMPTY_BODY = YES;
				CLANG_WARN_ENUM_CONVERSION = YES;
				CLANG_WARN_INFINITE_RECURSION = YES;
				CLANG_WARN_INT_CONVERSION = YES;
				CLANG_WARN_NON_LITERAL_NULL_CONVERSION = YES;
				CLANG_WARN_OBJC_IMPLICIT_RETAIN_SELF = YES;
				CLANG_WARN_OBJC_LITERAL_CONVERSION = YES;
				CLANG_WARN_OBJC_ROOT_CLASS = YES_ERROR;
				CLANG_WARN_RANGE_LOOP_ANALYSIS = YES;
				CLANG_WARN_STRICT_PROTOTYPES = YES;
				CLANG_WARN_SUSPICIOUS_MOVE = YES;
				CLANG_WARN_UNGUARDED_AVAILABILITY = YES_AGGRESSIVE;
				CLANG_WARN_UNREACHABLE_CODE = YES;
				CLANG_WARN__DUPLICATE_METHOD_MATCH = YES;
				COPY_PHASE_STRIP = NO;
				DEBUG_INFORMATION_FORMAT = dwarf;
				ENABLE_STRICT_OBJC_MSGSEND = YES;
				ENABLE_TESTABILITY = YES;
				GCC_C_LANGUAGE_STANDARD = gnu11;
				GCC_DYNAMIC_NO_PIC = NO;
				GCC_NO_COMMON_BLOCKS = YES;
				GCC_OPTIMIZATION_LEVEL = 0;
				GCC_PREPROCESSOR_DEFINITIONS = (
					"DEBUG=1",
					"$(inherited)",
				);
				GCC_WARN_64_TO_32_BIT_CONVERSION = YES;
				GCC_WARN_ABOUT_RETURN_TYPE = YES_ERROR;
				GCC_WARN_UNDECLARED_SELECTOR = YES;
				GCC_WARN_UNINITIALIZED_AUTOS = YES_AGGRESSIVE;
				GCC_WARN_UNUSED_FUNCTION = YES;
				GCC_WARN_UNUSED_VARIABLE = YES;
				IPHONEOS_DEPLOYMENT_TARGET = 13.5;
				MTL_ENABLE_DEBUG_INFO = INCLUDE_SOURCE;
				MTL_FAST_MATH = YES;
				ONLY_ACTIVE_ARCH = YES;
				SDKROOT = iphoneos;
				SWIFT_ACTIVE_COMPILATION_CONDITIONS = DEBUG;
				SWIFT_OPTIMIZATION_LEVEL = "-Onone";
			};
			name = Debug;
		};
		3540BFA224BD323300BB7C78 /* Release */ = {
			isa = XCBuildConfiguration;
			buildSettings = {
				ALWAYS_SEARCH_USER_PATHS = NO;
				CLANG_ANALYZER_NONNULL = YES;
				CLANG_ANALYZER_NUMBER_OBJECT_CONVERSION = YES_AGGRESSIVE;
				CLANG_CXX_LANGUAGE_STANDARD = "gnu++14";
				CLANG_CXX_LIBRARY = "libc++";
				CLANG_ENABLE_MODULES = YES;
				CLANG_ENABLE_OBJC_ARC = YES;
				CLANG_ENABLE_OBJC_WEAK = YES;
				CLANG_WARN_BLOCK_CAPTURE_AUTORELEASING = YES;
				CLANG_WARN_BOOL_CONVERSION = YES;
				CLANG_WARN_COMMA = YES;
				CLANG_WARN_CONSTANT_CONVERSION = YES;
				CLANG_WARN_DEPRECATED_OBJC_IMPLEMENTATIONS = YES;
				CLANG_WARN_DIRECT_OBJC_ISA_USAGE = YES_ERROR;
				CLANG_WARN_DOCUMENTATION_COMMENTS = YES;
				CLANG_WARN_EMPTY_BODY = YES;
				CLANG_WARN_ENUM_CONVERSION = YES;
				CLANG_WARN_INFINITE_RECURSION = YES;
				CLANG_WARN_INT_CONVERSION = YES;
				CLANG_WARN_NON_LITERAL_NULL_CONVERSION = YES;
				CLANG_WARN_OBJC_IMPLICIT_RETAIN_SELF = YES;
				CLANG_WARN_OBJC_LITERAL_CONVERSION = YES;
				CLANG_WARN_OBJC_ROOT_CLASS = YES_ERROR;
				CLANG_WARN_RANGE_LOOP_ANALYSIS = YES;
				CLANG_WARN_STRICT_PROTOTYPES = YES;
				CLANG_WARN_SUSPICIOUS_MOVE = YES;
				CLANG_WARN_UNGUARDED_AVAILABILITY = YES_AGGRESSIVE;
				CLANG_WARN_UNREACHABLE_CODE = YES;
				CLANG_WARN__DUPLICATE_METHOD_MATCH = YES;
				COPY_PHASE_STRIP = NO;
				DEBUG_INFORMATION_FORMAT = "dwarf-with-dsym";
				ENABLE_NS_ASSERTIONS = NO;
				ENABLE_STRICT_OBJC_MSGSEND = YES;
				GCC_C_LANGUAGE_STANDARD = gnu11;
				GCC_NO_COMMON_BLOCKS = YES;
				GCC_WARN_64_TO_32_BIT_CONVERSION = YES;
				GCC_WARN_ABOUT_RETURN_TYPE = YES_ERROR;
				GCC_WARN_UNDECLARED_SELECTOR = YES;
				GCC_WARN_UNINITIALIZED_AUTOS = YES_AGGRESSIVE;
				GCC_WARN_UNUSED_FUNCTION = YES;
				GCC_WARN_UNUSED_VARIABLE = YES;
				IPHONEOS_DEPLOYMENT_TARGET = 13.5;
				MTL_ENABLE_DEBUG_INFO = NO;
				MTL_FAST_MATH = YES;
				SDKROOT = iphoneos;
				SWIFT_COMPILATION_MODE = wholemodule;
				SWIFT_OPTIMIZATION_LEVEL = "-O";
				VALIDATE_PRODUCT = YES;
			};
			name = Release;
		};
		3540BFA424BD323300BB7C78 /* Debug */ = {
			isa = XCBuildConfiguration;
			baseConfigurationReference = 9ACEE7C3F35FD16F02378B1F /* Pods-Places.debug.xcconfig */;
			buildSettings = {
				ALWAYS_EMBED_SWIFT_STANDARD_LIBRARIES = YES;
				ASSETCATALOG_COMPILER_APPICON_NAME = AppIcon;
				CODE_SIGN_STYLE = Automatic;
				DEVELOPMENT_TEAM = M477CCRL65;
				INFOPLIST_FILE = Places/Resources/Info.plist;
				LD_RUNPATH_SEARCH_PATHS = (
					"$(inherited)",
					"@executable_path/Frameworks",
				);
				PRODUCT_BUNDLE_IDENTIFIER = com.willian.Places;
				PRODUCT_NAME = "$(TARGET_NAME)";
				SWIFT_VERSION = 5.0;
				TARGETED_DEVICE_FAMILY = "1,2";
			};
			name = Debug;
		};
		3540BFA524BD323300BB7C78 /* Release */ = {
			isa = XCBuildConfiguration;
			baseConfigurationReference = 2642F99A0B64754E17D5CCEB /* Pods-Places.release.xcconfig */;
			buildSettings = {
				ALWAYS_EMBED_SWIFT_STANDARD_LIBRARIES = YES;
				ASSETCATALOG_COMPILER_APPICON_NAME = AppIcon;
				CODE_SIGN_STYLE = Automatic;
				DEVELOPMENT_TEAM = M477CCRL65;
				INFOPLIST_FILE = Places/Resources/Info.plist;
				LD_RUNPATH_SEARCH_PATHS = (
					"$(inherited)",
					"@executable_path/Frameworks",
				);
				PRODUCT_BUNDLE_IDENTIFIER = com.willian.Places;
				PRODUCT_NAME = "$(TARGET_NAME)";
				SWIFT_VERSION = 5.0;
				TARGETED_DEVICE_FAMILY = "1,2";
			};
			name = Release;
		};
		35FA50DF24BD60C600AC370A /* Debug */ = {
			isa = XCBuildConfiguration;
			baseConfigurationReference = 3829D2D54FE8539C91060DF1 /* Pods-Presentation.debug.xcconfig */;
			buildSettings = {
				CODE_SIGN_STYLE = Automatic;
				CURRENT_PROJECT_VERSION = 1;
				DEFINES_MODULE = YES;
				DEVELOPMENT_TEAM = M477CCRL65;
				DYLIB_COMPATIBILITY_VERSION = 1;
				DYLIB_CURRENT_VERSION = 1;
				DYLIB_INSTALL_NAME_BASE = "@rpath";
				INFOPLIST_FILE = Presentation/Resources/Info.plist;
				INSTALL_PATH = "$(LOCAL_LIBRARY_DIR)/Frameworks";
				LD_RUNPATH_SEARCH_PATHS = (
					"$(inherited)",
					"@executable_path/Frameworks",
					"@loader_path/Frameworks",
				);
				PRODUCT_BUNDLE_IDENTIFIER = com.willian.Presentation;
				PRODUCT_NAME = "$(TARGET_NAME:c99extidentifier)";
				SKIP_INSTALL = YES;
				SWIFT_VERSION = 5.0;
				TARGETED_DEVICE_FAMILY = "1,2";
				VERSIONING_SYSTEM = "apple-generic";
				VERSION_INFO_PREFIX = "";
			};
			name = Debug;
		};
		35FA50E024BD60C600AC370A /* Release */ = {
			isa = XCBuildConfiguration;
			baseConfigurationReference = 65E5A9E505CE32935D04BC59 /* Pods-Presentation.release.xcconfig */;
			buildSettings = {
				CODE_SIGN_STYLE = Automatic;
				CURRENT_PROJECT_VERSION = 1;
				DEFINES_MODULE = YES;
				DEVELOPMENT_TEAM = M477CCRL65;
				DYLIB_COMPATIBILITY_VERSION = 1;
				DYLIB_CURRENT_VERSION = 1;
				DYLIB_INSTALL_NAME_BASE = "@rpath";
				INFOPLIST_FILE = Presentation/Resources/Info.plist;
				INSTALL_PATH = "$(LOCAL_LIBRARY_DIR)/Frameworks";
				LD_RUNPATH_SEARCH_PATHS = (
					"$(inherited)",
					"@executable_path/Frameworks",
					"@loader_path/Frameworks",
				);
				PRODUCT_BUNDLE_IDENTIFIER = com.willian.Presentation;
				PRODUCT_NAME = "$(TARGET_NAME:c99extidentifier)";
				SKIP_INSTALL = YES;
				SWIFT_VERSION = 5.0;
				TARGETED_DEVICE_FAMILY = "1,2";
				VERSIONING_SYSTEM = "apple-generic";
				VERSION_INFO_PREFIX = "";
			};
			name = Release;
		};
		35FA50E224BD60C600AC370A /* Debug */ = {
			isa = XCBuildConfiguration;
			buildSettings = {
				ALWAYS_EMBED_SWIFT_STANDARD_LIBRARIES = YES;
				CLANG_ENABLE_MODULES = YES;
				CODE_SIGN_STYLE = Automatic;
				DEVELOPMENT_TEAM = M477CCRL65;
				INFOPLIST_FILE = Presentation/Tests/Info.plist;
				LD_RUNPATH_SEARCH_PATHS = (
					"$(inherited)",
					"@executable_path/Frameworks",
					"@loader_path/Frameworks",
				);
				PRODUCT_BUNDLE_IDENTIFIER = com.willian.PresentationTests;
				PRODUCT_NAME = "$(TARGET_NAME)";
				SWIFT_OBJC_BRIDGING_HEADER = "";
				SWIFT_OPTIMIZATION_LEVEL = "-Onone";
				SWIFT_VERSION = 5.0;
				TARGETED_DEVICE_FAMILY = "1,2";
				TEST_HOST = "$(BUILT_PRODUCTS_DIR)/Places.app/Places";
			};
			name = Debug;
		};
		35FA50E324BD60C600AC370A /* Release */ = {
			isa = XCBuildConfiguration;
			buildSettings = {
				ALWAYS_EMBED_SWIFT_STANDARD_LIBRARIES = YES;
				CLANG_ENABLE_MODULES = YES;
				CODE_SIGN_STYLE = Automatic;
				DEVELOPMENT_TEAM = M477CCRL65;
				INFOPLIST_FILE = Presentation/Tests/Info.plist;
				LD_RUNPATH_SEARCH_PATHS = (
					"$(inherited)",
					"@executable_path/Frameworks",
					"@loader_path/Frameworks",
				);
				PRODUCT_BUNDLE_IDENTIFIER = com.willian.PresentationTests;
				PRODUCT_NAME = "$(TARGET_NAME)";
				SWIFT_OBJC_BRIDGING_HEADER = "";
				SWIFT_VERSION = 5.0;
				TARGETED_DEVICE_FAMILY = "1,2";
				TEST_HOST = "$(BUILT_PRODUCTS_DIR)/Places.app/Places";
			};
			name = Release;
		};
		35FA512E24BD76F500AC370A /* Debug */ = {
			isa = XCBuildConfiguration;
			buildSettings = {
				CLANG_ENABLE_MODULES = YES;
				CODE_SIGN_STYLE = Automatic;
				CURRENT_PROJECT_VERSION = 1;
				DEFINES_MODULE = YES;
				DEVELOPMENT_TEAM = M477CCRL65;
				DYLIB_COMPATIBILITY_VERSION = 1;
				DYLIB_CURRENT_VERSION = 1;
				DYLIB_INSTALL_NAME_BASE = "@rpath";
				INFOPLIST_FILE = Domain/Resources/Info.plist;
				INSTALL_PATH = "$(LOCAL_LIBRARY_DIR)/Frameworks";
				LD_RUNPATH_SEARCH_PATHS = (
					"$(inherited)",
					"@executable_path/Frameworks",
					"@loader_path/Frameworks",
				);
				PRODUCT_BUNDLE_IDENTIFIER = com.willian.Domain;
				PRODUCT_NAME = "$(TARGET_NAME:c99extidentifier)";
				SKIP_INSTALL = YES;
				SWIFT_OPTIMIZATION_LEVEL = "-Onone";
				SWIFT_VERSION = 5.0;
				TARGETED_DEVICE_FAMILY = "1,2";
				VERSIONING_SYSTEM = "apple-generic";
				VERSION_INFO_PREFIX = "";
			};
			name = Debug;
		};
		35FA512F24BD76F500AC370A /* Release */ = {
			isa = XCBuildConfiguration;
			buildSettings = {
				CLANG_ENABLE_MODULES = YES;
				CODE_SIGN_STYLE = Automatic;
				CURRENT_PROJECT_VERSION = 1;
				DEFINES_MODULE = YES;
				DEVELOPMENT_TEAM = M477CCRL65;
				DYLIB_COMPATIBILITY_VERSION = 1;
				DYLIB_CURRENT_VERSION = 1;
				DYLIB_INSTALL_NAME_BASE = "@rpath";
				INFOPLIST_FILE = Domain/Resources/Info.plist;
				INSTALL_PATH = "$(LOCAL_LIBRARY_DIR)/Frameworks";
				LD_RUNPATH_SEARCH_PATHS = (
					"$(inherited)",
					"@executable_path/Frameworks",
					"@loader_path/Frameworks",
				);
				PRODUCT_BUNDLE_IDENTIFIER = com.willian.Domain;
				PRODUCT_NAME = "$(TARGET_NAME:c99extidentifier)";
				SKIP_INSTALL = YES;
				SWIFT_VERSION = 5.0;
				TARGETED_DEVICE_FAMILY = "1,2";
				VERSIONING_SYSTEM = "apple-generic";
				VERSION_INFO_PREFIX = "";
			};
			name = Release;
		};
		35FA513124BD76F500AC370A /* Debug */ = {
			isa = XCBuildConfiguration;
			buildSettings = {
				ALWAYS_EMBED_SWIFT_STANDARD_LIBRARIES = YES;
				CODE_SIGN_STYLE = Automatic;
				DEVELOPMENT_TEAM = M477CCRL65;
				INFOPLIST_FILE = Domain/Tests/Info.plist;
				LD_RUNPATH_SEARCH_PATHS = (
					"$(inherited)",
					"@executable_path/Frameworks",
					"@loader_path/Frameworks",
				);
				PRODUCT_BUNDLE_IDENTIFIER = com.willian.DomainTests;
				PRODUCT_NAME = "$(TARGET_NAME)";
				SWIFT_VERSION = 5.0;
				TARGETED_DEVICE_FAMILY = "1,2";
			};
			name = Debug;
		};
		35FA513224BD76F500AC370A /* Release */ = {
			isa = XCBuildConfiguration;
			buildSettings = {
				ALWAYS_EMBED_SWIFT_STANDARD_LIBRARIES = YES;
				CODE_SIGN_STYLE = Automatic;
				DEVELOPMENT_TEAM = M477CCRL65;
				INFOPLIST_FILE = Domain/Tests/Info.plist;
				LD_RUNPATH_SEARCH_PATHS = (
					"$(inherited)",
					"@executable_path/Frameworks",
					"@loader_path/Frameworks",
				);
				PRODUCT_BUNDLE_IDENTIFIER = com.willian.DomainTests;
				PRODUCT_NAME = "$(TARGET_NAME)";
				SWIFT_VERSION = 5.0;
				TARGETED_DEVICE_FAMILY = "1,2";
			};
			name = Release;
		};
		35FA516524BDE8A000AC370A /* Debug */ = {
			isa = XCBuildConfiguration;
			buildSettings = {
				CODE_SIGN_STYLE = Automatic;
				CURRENT_PROJECT_VERSION = 1;
				DEFINES_MODULE = YES;
				DEVELOPMENT_TEAM = M477CCRL65;
				DYLIB_COMPATIBILITY_VERSION = 1;
				DYLIB_CURRENT_VERSION = 1;
				DYLIB_INSTALL_NAME_BASE = "@rpath";
				INFOPLIST_FILE = Repository/Resources/Info.plist;
				INSTALL_PATH = "$(LOCAL_LIBRARY_DIR)/Frameworks";
				LD_RUNPATH_SEARCH_PATHS = (
					"$(inherited)",
					"@executable_path/Frameworks",
					"@loader_path/Frameworks",
				);
				PRODUCT_BUNDLE_IDENTIFIER = com.willian.Repository;
				PRODUCT_NAME = "$(TARGET_NAME:c99extidentifier)";
				SKIP_INSTALL = YES;
				SWIFT_VERSION = 5.0;
				TARGETED_DEVICE_FAMILY = "1,2";
				VERSIONING_SYSTEM = "apple-generic";
				VERSION_INFO_PREFIX = "";
			};
			name = Debug;
		};
		35FA516624BDE8A000AC370A /* Release */ = {
			isa = XCBuildConfiguration;
			buildSettings = {
				CODE_SIGN_STYLE = Automatic;
				CURRENT_PROJECT_VERSION = 1;
				DEFINES_MODULE = YES;
				DEVELOPMENT_TEAM = M477CCRL65;
				DYLIB_COMPATIBILITY_VERSION = 1;
				DYLIB_CURRENT_VERSION = 1;
				DYLIB_INSTALL_NAME_BASE = "@rpath";
				INFOPLIST_FILE = Repository/Resources/Info.plist;
				INSTALL_PATH = "$(LOCAL_LIBRARY_DIR)/Frameworks";
				LD_RUNPATH_SEARCH_PATHS = (
					"$(inherited)",
					"@executable_path/Frameworks",
					"@loader_path/Frameworks",
				);
				PRODUCT_BUNDLE_IDENTIFIER = com.willian.Repository;
				PRODUCT_NAME = "$(TARGET_NAME:c99extidentifier)";
				SKIP_INSTALL = YES;
				SWIFT_VERSION = 5.0;
				TARGETED_DEVICE_FAMILY = "1,2";
				VERSIONING_SYSTEM = "apple-generic";
				VERSION_INFO_PREFIX = "";
			};
			name = Release;
		};
		35FA516824BDE8A000AC370A /* Debug */ = {
			isa = XCBuildConfiguration;
			buildSettings = {
				CLANG_ENABLE_MODULES = YES;
				CODE_SIGN_STYLE = Automatic;
				DEVELOPMENT_TEAM = M477CCRL65;
				INFOPLIST_FILE = Repository/Tests/Resources/Info.plist;
				LD_RUNPATH_SEARCH_PATHS = (
					"$(inherited)",
					"@executable_path/Frameworks",
					"@loader_path/Frameworks",
				);
				PRODUCT_BUNDLE_IDENTIFIER = com.willian.RepositoryTests;
				PRODUCT_NAME = "$(TARGET_NAME)";
				SWIFT_OPTIMIZATION_LEVEL = "-Onone";
				SWIFT_VERSION = 5.0;
				TARGETED_DEVICE_FAMILY = "1,2";
			};
			name = Debug;
		};
		35FA516924BDE8A000AC370A /* Release */ = {
			isa = XCBuildConfiguration;
			buildSettings = {
				CLANG_ENABLE_MODULES = YES;
				CODE_SIGN_STYLE = Automatic;
				DEVELOPMENT_TEAM = M477CCRL65;
				INFOPLIST_FILE = Repository/Tests/Resources/Info.plist;
				LD_RUNPATH_SEARCH_PATHS = (
					"$(inherited)",
					"@executable_path/Frameworks",
					"@loader_path/Frameworks",
				);
				PRODUCT_BUNDLE_IDENTIFIER = com.willian.RepositoryTests;
				PRODUCT_NAME = "$(TARGET_NAME)";
				SWIFT_VERSION = 5.0;
				TARGETED_DEVICE_FAMILY = "1,2";
			};
			name = Release;
		};
/* End XCBuildConfiguration section */

/* Begin XCConfigurationList section */
		3540BF8A24BD323200BB7C78 /* Build configuration list for PBXProject "Places" */ = {
			isa = XCConfigurationList;
			buildConfigurations = (
				3540BFA124BD323300BB7C78 /* Debug */,
				3540BFA224BD323300BB7C78 /* Release */,
			);
			defaultConfigurationIsVisible = 0;
			defaultConfigurationName = Release;
		};
		3540BFA324BD323300BB7C78 /* Build configuration list for PBXNativeTarget "Places" */ = {
			isa = XCConfigurationList;
			buildConfigurations = (
				3540BFA424BD323300BB7C78 /* Debug */,
				3540BFA524BD323300BB7C78 /* Release */,
			);
			defaultConfigurationIsVisible = 0;
			defaultConfigurationName = Release;
		};
		35FA50DE24BD60C600AC370A /* Build configuration list for PBXNativeTarget "Presentation" */ = {
			isa = XCConfigurationList;
			buildConfigurations = (
				35FA50DF24BD60C600AC370A /* Debug */,
				35FA50E024BD60C600AC370A /* Release */,
			);
			defaultConfigurationIsVisible = 0;
			defaultConfigurationName = Release;
		};
		35FA50E124BD60C600AC370A /* Build configuration list for PBXNativeTarget "PresentationTests" */ = {
			isa = XCConfigurationList;
			buildConfigurations = (
				35FA50E224BD60C600AC370A /* Debug */,
				35FA50E324BD60C600AC370A /* Release */,
			);
			defaultConfigurationIsVisible = 0;
			defaultConfigurationName = Release;
		};
		35FA512D24BD76F500AC370A /* Build configuration list for PBXNativeTarget "Domain" */ = {
			isa = XCConfigurationList;
			buildConfigurations = (
				35FA512E24BD76F500AC370A /* Debug */,
				35FA512F24BD76F500AC370A /* Release */,
			);
			defaultConfigurationIsVisible = 0;
			defaultConfigurationName = Release;
		};
		35FA513024BD76F500AC370A /* Build configuration list for PBXNativeTarget "DomainTests" */ = {
			isa = XCConfigurationList;
			buildConfigurations = (
				35FA513124BD76F500AC370A /* Debug */,
				35FA513224BD76F500AC370A /* Release */,
			);
			defaultConfigurationIsVisible = 0;
			defaultConfigurationName = Release;
		};
		35FA516424BDE8A000AC370A /* Build configuration list for PBXNativeTarget "Repository" */ = {
			isa = XCConfigurationList;
			buildConfigurations = (
				35FA516524BDE8A000AC370A /* Debug */,
				35FA516624BDE8A000AC370A /* Release */,
			);
			defaultConfigurationIsVisible = 0;
			defaultConfigurationName = Release;
		};
		35FA516724BDE8A000AC370A /* Build configuration list for PBXNativeTarget "RepositoryTests" */ = {
			isa = XCConfigurationList;
			buildConfigurations = (
				35FA516824BDE8A000AC370A /* Debug */,
				35FA516924BDE8A000AC370A /* Release */,
			);
			defaultConfigurationIsVisible = 0;
			defaultConfigurationName = Release;
		};
/* End XCConfigurationList section */
	};
	rootObject = 3540BF8724BD323200BB7C78 /* Project object */;
}
