// !$*UTF8*$!
{
	archiveVersion = 1;
	classes = {
	};
	objectVersion = 50;
	objects = {

/* Begin PBXBuildFile section */
		3540BF9324BD323200BB7C78 /* AppDelegate.swift in Sources */ = {isa = PBXBuildFile; fileRef = 3540BF9224BD323200BB7C78 /* AppDelegate.swift */; };
		3540BF9524BD323200BB7C78 /* SceneDelegate.swift in Sources */ = {isa = PBXBuildFile; fileRef = 3540BF9424BD323200BB7C78 /* SceneDelegate.swift */; };
		3540BF9724BD323200BB7C78 /* ViewController.swift in Sources */ = {isa = PBXBuildFile; fileRef = 3540BF9624BD323200BB7C78 /* ViewController.swift */; };
		3540BF9A24BD323200BB7C78 /* Main.storyboard in Resources */ = {isa = PBXBuildFile; fileRef = 3540BF9824BD323200BB7C78 /* Main.storyboard */; };
		3540BF9C24BD323300BB7C78 /* Assets.xcassets in Resources */ = {isa = PBXBuildFile; fileRef = 3540BF9B24BD323300BB7C78 /* Assets.xcassets */; };
		3540BF9F24BD323300BB7C78 /* LaunchScreen.storyboard in Resources */ = {isa = PBXBuildFile; fileRef = 3540BF9D24BD323300BB7C78 /* LaunchScreen.storyboard */; };
		35FA507924BD348900AC370A /* Localizable.strings in Resources */ = {isa = PBXBuildFile; fileRef = 35FA507824BD348900AC370A /* Localizable.strings */; };
		35FA508024BD397D00AC370A /* Assets+Generated.swift in Sources */ = {isa = PBXBuildFile; fileRef = 35FA507E24BD397D00AC370A /* Assets+Generated.swift */; };
		35FA508124BD397D00AC370A /* Strings+Generated.swift in Sources */ = {isa = PBXBuildFile; fileRef = 35FA507F24BD397D00AC370A /* Strings+Generated.swift */; };
		57FA448DC8B8F0494593035B /* Pods_Places.framework in Frameworks */ = {isa = PBXBuildFile; fileRef = 3F58F5EC4483AE1B033EAA84 /* Pods_Places.framework */; };
/* End PBXBuildFile section */

/* Begin PBXFileReference section */
		2642F99A0B64754E17D5CCEB /* Pods-Places.release.xcconfig */ = {isa = PBXFileReference; includeInIndex = 1; lastKnownFileType = text.xcconfig; name = "Pods-Places.release.xcconfig"; path = "Target Support Files/Pods-Places/Pods-Places.release.xcconfig"; sourceTree = "<group>"; };
		3540BF8F24BD323200BB7C78 /* Places.app */ = {isa = PBXFileReference; explicitFileType = wrapper.application; includeInIndex = 0; path = Places.app; sourceTree = BUILT_PRODUCTS_DIR; };
		3540BF9224BD323200BB7C78 /* AppDelegate.swift */ = {isa = PBXFileReference; lastKnownFileType = sourcecode.swift; path = AppDelegate.swift; sourceTree = "<group>"; };
		3540BF9424BD323200BB7C78 /* SceneDelegate.swift */ = {isa = PBXFileReference; lastKnownFileType = sourcecode.swift; path = SceneDelegate.swift; sourceTree = "<group>"; };
		3540BF9624BD323200BB7C78 /* ViewController.swift */ = {isa = PBXFileReference; lastKnownFileType = sourcecode.swift; path = ViewController.swift; sourceTree = "<group>"; };
		3540BF9924BD323200BB7C78 /* Base */ = {isa = PBXFileReference; lastKnownFileType = file.storyboard; name = Base; path = Base.lproj/Main.storyboard; sourceTree = "<group>"; };
		3540BF9B24BD323300BB7C78 /* Assets.xcassets */ = {isa = PBXFileReference; lastKnownFileType = folder.assetcatalog; path = Assets.xcassets; sourceTree = "<group>"; };
		3540BF9E24BD323300BB7C78 /* Base */ = {isa = PBXFileReference; lastKnownFileType = file.storyboard; name = Base; path = Base.lproj/LaunchScreen.storyboard; sourceTree = "<group>"; };
		3540BFA024BD323300BB7C78 /* Info.plist */ = {isa = PBXFileReference; lastKnownFileType = text.plist.xml; path = Info.plist; sourceTree = "<group>"; };
		35FA507824BD348900AC370A /* Localizable.strings */ = {isa = PBXFileReference; lastKnownFileType = text.plist.strings; path = Localizable.strings; sourceTree = "<group>"; };
		35FA507E24BD397D00AC370A /* Assets+Generated.swift */ = {isa = PBXFileReference; fileEncoding = 4; lastKnownFileType = sourcecode.swift; path = "Assets+Generated.swift"; sourceTree = "<group>"; };
		35FA507F24BD397D00AC370A /* Strings+Generated.swift */ = {isa = PBXFileReference; fileEncoding = 4; lastKnownFileType = sourcecode.swift; path = "Strings+Generated.swift"; sourceTree = "<group>"; };
		3F58F5EC4483AE1B033EAA84 /* Pods_Places.framework */ = {isa = PBXFileReference; explicitFileType = wrapper.framework; includeInIndex = 0; path = Pods_Places.framework; sourceTree = BUILT_PRODUCTS_DIR; };
		9ACEE7C3F35FD16F02378B1F /* Pods-Places.debug.xcconfig */ = {isa = PBXFileReference; includeInIndex = 1; lastKnownFileType = text.xcconfig; name = "Pods-Places.debug.xcconfig"; path = "Target Support Files/Pods-Places/Pods-Places.debug.xcconfig"; sourceTree = "<group>"; };
/* End PBXFileReference section */

/* Begin PBXFrameworksBuildPhase section */
		3540BF8C24BD323200BB7C78 /* Frameworks */ = {
			isa = PBXFrameworksBuildPhase;
			buildActionMask = 2147483647;
			files = (
				57FA448DC8B8F0494593035B /* Pods_Places.framework in Frameworks */,
			);
			runOnlyForDeploymentPostprocessing = 0;
		};
/* End PBXFrameworksBuildPhase section */

/* Begin PBXGroup section */
		160E56D0E71AC2ADCC42E209 /* Frameworks */ = {
			isa = PBXGroup;
			children = (
				3F58F5EC4483AE1B033EAA84 /* Pods_Places.framework */,
			);
			name = Frameworks;
			sourceTree = "<group>";
		};
		3540BF8624BD323200BB7C78 = {
			isa = PBXGroup;
			children = (
				3540BF9124BD323200BB7C78 /* Places */,
				3540BF9024BD323200BB7C78 /* Products */,
				6D8F5F9357E13C65FB2CA615 /* Pods */,
				160E56D0E71AC2ADCC42E209 /* Frameworks */,
			);
			sourceTree = "<group>";
		};
		3540BF9024BD323200BB7C78 /* Products */ = {
			isa = PBXGroup;
			children = (
				3540BF8F24BD323200BB7C78 /* Places.app */,
			);
			name = Products;
			sourceTree = "<group>";
		};
		3540BF9124BD323200BB7C78 /* Places */ = {
			isa = PBXGroup;
			children = (
				35FA507D24BD38A000AC370A /* Generated */,
				35FA507C24BD381800AC370A /* Resources */,
				3540BF9224BD323200BB7C78 /* AppDelegate.swift */,
				3540BF9424BD323200BB7C78 /* SceneDelegate.swift */,
				3540BF9624BD323200BB7C78 /* ViewController.swift */,
				3540BF9824BD323200BB7C78 /* Main.storyboard */,
				3540BF9D24BD323300BB7C78 /* LaunchScreen.storyboard */,
				3540BFA024BD323300BB7C78 /* Info.plist */,
			);
			path = Places;
			sourceTree = "<group>";
		};
		35FA507C24BD381800AC370A /* Resources */ = {
			isa = PBXGroup;
			children = (
				3540BF9B24BD323300BB7C78 /* Assets.xcassets */,
				35FA507824BD348900AC370A /* Localizable.strings */,
			);
			path = Resources;
			sourceTree = "<group>";
		};
		35FA507D24BD38A000AC370A /* Generated */ = {
			isa = PBXGroup;
			children = (
				35FA507E24BD397D00AC370A /* Assets+Generated.swift */,
				35FA507F24BD397D00AC370A /* Strings+Generated.swift */,
			);
			path = Generated;
			sourceTree = "<group>";
		};
		6D8F5F9357E13C65FB2CA615 /* Pods */ = {
			isa = PBXGroup;
			children = (
				9ACEE7C3F35FD16F02378B1F /* Pods-Places.debug.xcconfig */,
				2642F99A0B64754E17D5CCEB /* Pods-Places.release.xcconfig */,
			);
			path = Pods;
			sourceTree = "<group>";
		};
/* End PBXGroup section */

/* Begin PBXNativeTarget section */
		3540BF8E24BD323200BB7C78 /* Places */ = {
			isa = PBXNativeTarget;
			buildConfigurationList = 3540BFA324BD323300BB7C78 /* Build configuration list for PBXNativeTarget "Places" */;
			buildPhases = (
				82D95DE9508E1282C43CBDF5 /* [CP] Check Pods Manifest.lock */,
				3540BF8B24BD323200BB7C78 /* Sources */,
				3540BF8C24BD323200BB7C78 /* Frameworks */,
				3540BF8D24BD323200BB7C78 /* Resources */,
				35FA507724BD341400AC370A /* SwiftGen */,
			);
			buildRules = (
			);
			dependencies = (
			);
			name = Places;
			productName = Places;
			productReference = 3540BF8F24BD323200BB7C78 /* Places.app */;
			productType = "com.apple.product-type.application";
		};
/* End PBXNativeTarget section */

/* Begin PBXProject section */
		3540BF8724BD323200BB7C78 /* Project object */ = {
			isa = PBXProject;
			attributes = {
				LastSwiftUpdateCheck = 1150;
				LastUpgradeCheck = 1150;
				ORGANIZATIONNAME = Willian;
				TargetAttributes = {
					3540BF8E24BD323200BB7C78 = {
						CreatedOnToolsVersion = 11.5;
					};
				};
			};
			buildConfigurationList = 3540BF8A24BD323200BB7C78 /* Build configuration list for PBXProject "Places" */;
			compatibilityVersion = "Xcode 9.3";
			developmentRegion = en;
			hasScannedForEncodings = 0;
			knownRegions = (
				en,
				Base,
			);
			mainGroup = 3540BF8624BD323200BB7C78;
			productRefGroup = 3540BF9024BD323200BB7C78 /* Products */;
			projectDirPath = "";
			projectRoot = "";
			targets = (
				3540BF8E24BD323200BB7C78 /* Places */,
			);
		};
/* End PBXProject section */

/* Begin PBXResourcesBuildPhase section */
		3540BF8D24BD323200BB7C78 /* Resources */ = {
			isa = PBXResourcesBuildPhase;
			buildActionMask = 2147483647;
			files = (
				3540BF9F24BD323300BB7C78 /* LaunchScreen.storyboard in Resources */,
				35FA507924BD348900AC370A /* Localizable.strings in Resources */,
				3540BF9C24BD323300BB7C78 /* Assets.xcassets in Resources */,
				3540BF9A24BD323200BB7C78 /* Main.storyboard in Resources */,
			);
			runOnlyForDeploymentPostprocessing = 0;
		};
/* End PBXResourcesBuildPhase section */

/* Begin PBXShellScriptBuildPhase section */
		35FA507724BD341400AC370A /* SwiftGen */ = {
			isa = PBXShellScriptBuildPhase;
			buildActionMask = 2147483647;
			files = (
			);
			inputFileListPaths = (
			);
			inputPaths = (
			);
			name = SwiftGen;
			outputFileListPaths = (
			);
			outputPaths = (
			);
			runOnlyForDeploymentPostprocessing = 0;
			shellPath = /bin/sh;
			shellScript = "$SRCROOT/../Pods/SwiftGen/bin/swiftgen xcassets $SRCROOT/Resources/Assets/Assets.xcassets -t swift4 -o $SRCROOT/Sources/SharedUI/Generated/Images.swift\n\nif [[ -f \"${PODS_ROOT}/SwiftGen/bin/swiftgen\" ]]; then\n  \"${PODS_ROOT}/SwiftGen/bin/swiftgen\"\nelse\n  echo \"warning: SwiftGen is not installed. Run 'pod install --repo-update' to install it.\"\nfi\n";
		};
		82D95DE9508E1282C43CBDF5 /* [CP] Check Pods Manifest.lock */ = {
			isa = PBXShellScriptBuildPhase;
			buildActionMask = 2147483647;
			files = (
			);
			inputFileListPaths = (
			);
			inputPaths = (
				"${PODS_PODFILE_DIR_PATH}/Podfile.lock",
				"${PODS_ROOT}/Manifest.lock",
			);
			name = "[CP] Check Pods Manifest.lock";
			outputFileListPaths = (
			);
			outputPaths = (
				"$(DERIVED_FILE_DIR)/Pods-Places-checkManifestLockResult.txt",
			);
			runOnlyForDeploymentPostprocessing = 0;
			shellPath = /bin/sh;
			shellScript = "diff \"${PODS_PODFILE_DIR_PATH}/Podfile.lock\" \"${PODS_ROOT}/Manifest.lock\" > /dev/null\nif [ $? != 0 ] ; then\n    # print error to STDERR\n    echo \"error: The sandbox is not in sync with the Podfile.lock. Run 'pod install' or update your CocoaPods installation.\" >&2\n    exit 1\nfi\n# This output is used by Xcode 'outputs' to avoid re-running this script phase.\necho \"SUCCESS\" > \"${SCRIPT_OUTPUT_FILE_0}\"\n";
			showEnvVarsInLog = 0;
		};
/* End PBXShellScriptBuildPhase section */

/* Begin PBXSourcesBuildPhase section */
		3540BF8B24BD323200BB7C78 /* Sources */ = {
			isa = PBXSourcesBuildPhase;
			buildActionMask = 2147483647;
			files = (
				35FA508124BD397D00AC370A /* Strings+Generated.swift in Sources */,
				3540BF9724BD323200BB7C78 /* ViewController.swift in Sources */,
				3540BF9324BD323200BB7C78 /* AppDelegate.swift in Sources */,
				35FA508024BD397D00AC370A /* Assets+Generated.swift in Sources */,
				3540BF9524BD323200BB7C78 /* SceneDelegate.swift in Sources */,
			);
			runOnlyForDeploymentPostprocessing = 0;
		};
/* End PBXSourcesBuildPhase section */

/* Begin PBXVariantGroup section */
		3540BF9824BD323200BB7C78 /* Main.storyboard */ = {
			isa = PBXVariantGroup;
			children = (
				3540BF9924BD323200BB7C78 /* Base */,
			);
			name = Main.storyboard;
			sourceTree = "<group>";
		};
		3540BF9D24BD323300BB7C78 /* LaunchScreen.storyboard */ = {
			isa = PBXVariantGroup;
			children = (
				3540BF9E24BD323300BB7C78 /* Base */,
			);
			name = LaunchScreen.storyboard;
			sourceTree = "<group>";
		};
/* End PBXVariantGroup section */

/* Begin XCBuildConfiguration section */
		3540BFA124BD323300BB7C78 /* Debug */ = {
			isa = XCBuildConfiguration;
			buildSettings = {
				ALWAYS_SEARCH_USER_PATHS = NO;
				CLANG_ANALYZER_NONNULL = YES;
				CLANG_ANALYZER_NUMBER_OBJECT_CONVERSION = YES_AGGRESSIVE;
				CLANG_CXX_LANGUAGE_STANDARD = "gnu++14";
				CLANG_CXX_LIBRARY = "libc++";
				CLANG_ENABLE_MODULES = YES;
				CLANG_ENABLE_OBJC_ARC = YES;
				CLANG_ENABLE_OBJC_WEAK = YES;
				CLANG_WARN_BLOCK_CAPTURE_AUTORELEASING = YES;
				CLANG_WARN_BOOL_CONVERSION = YES;
				CLANG_WARN_COMMA = YES;
				CLANG_WARN_CONSTANT_CONVERSION = YES;
				CLANG_WARN_DEPRECATED_OBJC_IMPLEMENTATIONS = YES;
				CLANG_WARN_DIRECT_OBJC_ISA_USAGE = YES_ERROR;
				CLANG_WARN_DOCUMENTATION_COMMENTS = YES;
				CLANG_WARN_EMPTY_BODY = YES;
				CLANG_WARN_ENUM_CONVERSION = YES;
				CLANG_WARN_INFINITE_RECURSION = YES;
				CLANG_WARN_INT_CONVERSION = YES;
				CLANG_WARN_NON_LITERAL_NULL_CONVERSION = YES;
				CLANG_WARN_OBJC_IMPLICIT_RETAIN_SELF = YES;
				CLANG_WARN_OBJC_LITERAL_CONVERSION = YES;
				CLANG_WARN_OBJC_ROOT_CLASS = YES_ERROR;
				CLANG_WARN_RANGE_LOOP_ANALYSIS = YES;
				CLANG_WARN_STRICT_PROTOTYPES = YES;
				CLANG_WARN_SUSPICIOUS_MOVE = YES;
				CLANG_WARN_UNGUARDED_AVAILABILITY = YES_AGGRESSIVE;
				CLANG_WARN_UNREACHABLE_CODE = YES;
				CLANG_WARN__DUPLICATE_METHOD_MATCH = YES;
				COPY_PHASE_STRIP = NO;
				DEBUG_INFORMATION_FORMAT = dwarf;
				ENABLE_STRICT_OBJC_MSGSEND = YES;
				ENABLE_TESTABILITY = YES;
				GCC_C_LANGUAGE_STANDARD = gnu11;
				GCC_DYNAMIC_NO_PIC = NO;
				GCC_NO_COMMON_BLOCKS = YES;
				GCC_OPTIMIZATION_LEVEL = 0;
				GCC_PREPROCESSOR_DEFINITIONS = (
					"DEBUG=1",
					"$(inherited)",
				);
				GCC_WARN_64_TO_32_BIT_CONVERSION = YES;
				GCC_WARN_ABOUT_RETURN_TYPE = YES_ERROR;
				GCC_WARN_UNDECLARED_SELECTOR = YES;
				GCC_WARN_UNINITIALIZED_AUTOS = YES_AGGRESSIVE;
				GCC_WARN_UNUSED_FUNCTION = YES;
				GCC_WARN_UNUSED_VARIABLE = YES;
				IPHONEOS_DEPLOYMENT_TARGET = 13.5;
				MTL_ENABLE_DEBUG_INFO = INCLUDE_SOURCE;
				MTL_FAST_MATH = YES;
				ONLY_ACTIVE_ARCH = YES;
				SDKROOT = iphoneos;
				SWIFT_ACTIVE_COMPILATION_CONDITIONS = DEBUG;
				SWIFT_OPTIMIZATION_LEVEL = "-Onone";
			};
			name = Debug;
		};
		3540BFA224BD323300BB7C78 /* Release */ = {
			isa = XCBuildConfiguration;
			buildSettings = {
				ALWAYS_SEARCH_USER_PATHS = NO;
				CLANG_ANALYZER_NONNULL = YES;
				CLANG_ANALYZER_NUMBER_OBJECT_CONVERSION = YES_AGGRESSIVE;
				CLANG_CXX_LANGUAGE_STANDARD = "gnu++14";
				CLANG_CXX_LIBRARY = "libc++";
				CLANG_ENABLE_MODULES = YES;
				CLANG_ENABLE_OBJC_ARC = YES;
				CLANG_ENABLE_OBJC_WEAK = YES;
				CLANG_WARN_BLOCK_CAPTURE_AUTORELEASING = YES;
				CLANG_WARN_BOOL_CONVERSION = YES;
				CLANG_WARN_COMMA = YES;
				CLANG_WARN_CONSTANT_CONVERSION = YES;
				CLANG_WARN_DEPRECATED_OBJC_IMPLEMENTATIONS = YES;
				CLANG_WARN_DIRECT_OBJC_ISA_USAGE = YES_ERROR;
				CLANG_WARN_DOCUMENTATION_COMMENTS = YES;
				CLANG_WARN_EMPTY_BODY = YES;
				CLANG_WARN_ENUM_CONVERSION = YES;
				CLANG_WARN_INFINITE_RECURSION = YES;
				CLANG_WARN_INT_CONVERSION = YES;
				CLANG_WARN_NON_LITERAL_NULL_CONVERSION = YES;
				CLANG_WARN_OBJC_IMPLICIT_RETAIN_SELF = YES;
				CLANG_WARN_OBJC_LITERAL_CONVERSION = YES;
				CLANG_WARN_OBJC_ROOT_CLASS = YES_ERROR;
				CLANG_WARN_RANGE_LOOP_ANALYSIS = YES;
				CLANG_WARN_STRICT_PROTOTYPES = YES;
				CLANG_WARN_SUSPICIOUS_MOVE = YES;
				CLANG_WARN_UNGUARDED_AVAILABILITY = YES_AGGRESSIVE;
				CLANG_WARN_UNREACHABLE_CODE = YES;
				CLANG_WARN__DUPLICATE_METHOD_MATCH = YES;
				COPY_PHASE_STRIP = NO;
				DEBUG_INFORMATION_FORMAT = "dwarf-with-dsym";
				ENABLE_NS_ASSERTIONS = NO;
				ENABLE_STRICT_OBJC_MSGSEND = YES;
				GCC_C_LANGUAGE_STANDARD = gnu11;
				GCC_NO_COMMON_BLOCKS = YES;
				GCC_WARN_64_TO_32_BIT_CONVERSION = YES;
				GCC_WARN_ABOUT_RETURN_TYPE = YES_ERROR;
				GCC_WARN_UNDECLARED_SELECTOR = YES;
				GCC_WARN_UNINITIALIZED_AUTOS = YES_AGGRESSIVE;
				GCC_WARN_UNUSED_FUNCTION = YES;
				GCC_WARN_UNUSED_VARIABLE = YES;
				IPHONEOS_DEPLOYMENT_TARGET = 13.5;
				MTL_ENABLE_DEBUG_INFO = NO;
				MTL_FAST_MATH = YES;
				SDKROOT = iphoneos;
				SWIFT_COMPILATION_MODE = wholemodule;
				SWIFT_OPTIMIZATION_LEVEL = "-O";
				VALIDATE_PRODUCT = YES;
			};
			name = Release;
		};
		3540BFA424BD323300BB7C78 /* Debug */ = {
			isa = XCBuildConfiguration;
			baseConfigurationReference = 9ACEE7C3F35FD16F02378B1F /* Pods-Places.debug.xcconfig */;
			buildSettings = {
				ASSETCATALOG_COMPILER_APPICON_NAME = AppIcon;
				CODE_SIGN_STYLE = Automatic;
				DEVELOPMENT_TEAM = M477CCRL65;
				INFOPLIST_FILE = Places/Info.plist;
				LD_RUNPATH_SEARCH_PATHS = (
					"$(inherited)",
					"@executable_path/Frameworks",
				);
				PRODUCT_BUNDLE_IDENTIFIER = com.willian.Places;
				PRODUCT_NAME = "$(TARGET_NAME)";
				SWIFT_VERSION = 5.0;
				TARGETED_DEVICE_FAMILY = "1,2";
			};
			name = Debug;
		};
		3540BFA524BD323300BB7C78 /* Release */ = {
			isa = XCBuildConfiguration;
			baseConfigurationReference = 2642F99A0B64754E17D5CCEB /* Pods-Places.release.xcconfig */;
			buildSettings = {
				ASSETCATALOG_COMPILER_APPICON_NAME = AppIcon;
				CODE_SIGN_STYLE = Automatic;
				DEVELOPMENT_TEAM = M477CCRL65;
				INFOPLIST_FILE = Places/Info.plist;
				LD_RUNPATH_SEARCH_PATHS = (
					"$(inherited)",
					"@executable_path/Frameworks",
				);
				PRODUCT_BUNDLE_IDENTIFIER = com.willian.Places;
				PRODUCT_NAME = "$(TARGET_NAME)";
				SWIFT_VERSION = 5.0;
				TARGETED_DEVICE_FAMILY = "1,2";
			};
			name = Release;
		};
/* End XCBuildConfiguration section */

/* Begin XCConfigurationList section */
		3540BF8A24BD323200BB7C78 /* Build configuration list for PBXProject "Places" */ = {
			isa = XCConfigurationList;
			buildConfigurations = (
				3540BFA124BD323300BB7C78 /* Debug */,
				3540BFA224BD323300BB7C78 /* Release */,
			);
			defaultConfigurationIsVisible = 0;
			defaultConfigurationName = Release;
		};
		3540BFA324BD323300BB7C78 /* Build configuration list for PBXNativeTarget "Places" */ = {
			isa = XCConfigurationList;
			buildConfigurations = (
				3540BFA424BD323300BB7C78 /* Debug */,
				3540BFA524BD323300BB7C78 /* Release */,
			);
			defaultConfigurationIsVisible = 0;
			defaultConfigurationName = Release;
		};
/* End XCConfigurationList section */
	};
	rootObject = 3540BF8724BD323200BB7C78 /* Project object */;
}
